// !$*UTF8*$!
{
	archiveVersion = 1;
	classes = {
	};
	objectVersion = 46;
	objects = {

/* Begin PBXBuildFile section */
		0B2FCB25188A0A450076D96E /* LoginViewController.m in Sources */ = {isa = PBXBuildFile; fileRef = 0B2FCB24188A0A450076D96E /* LoginViewController.m */; };
		0B2FCB28188A0A7C0076D96E /* InterestsViewController.m in Sources */ = {isa = PBXBuildFile; fileRef = 0B2FCB27188A0A7C0076D96E /* InterestsViewController.m */; };
		0B2FCB2B188A0A9E0076D96E /* CreateViewController.m in Sources */ = {isa = PBXBuildFile; fileRef = 0B2FCB2A188A0A9E0076D96E /* CreateViewController.m */; };
		0B2FCB31188A0AE50076D96E /* SearchViewController.m in Sources */ = {isa = PBXBuildFile; fileRef = 0B2FCB30188A0AE50076D96E /* SearchViewController.m */; };
		0B2FCB34188A0B0D0076D96E /* EventListViewController.m in Sources */ = {isa = PBXBuildFile; fileRef = 0B2FCB33188A0B0D0076D96E /* EventListViewController.m */; };
		0B41CD97188A585A00DAB725 /* JoinEventViewController.m in Sources */ = {isa = PBXBuildFile; fileRef = 0B41CD96188A585A00DAB725 /* JoinEventViewController.m */; };
		0B41CDF1188A725F00DAB725 /* SearchedEventsViewController.m in Sources */ = {isa = PBXBuildFile; fileRef = 0B41CDF0188A725F00DAB725 /* SearchedEventsViewController.m */; };
		0B41CE5D188A97F300DAB725 /* app-icon.png in Resources */ = {isa = PBXBuildFile; fileRef = 0B41CE02188A97F300DAB725 /* app-icon.png */; };
		0B41CE5E188A97F300DAB725 /* app-icon@2x.png in Resources */ = {isa = PBXBuildFile; fileRef = 0B41CE03188A97F300DAB725 /* app-icon@2x.png */; };
		0B41CE5F188A97F300DAB725 /* checkmark-interest.png in Resources */ = {isa = PBXBuildFile; fileRef = 0B41CE04188A97F300DAB725 /* checkmark-interest.png */; };
		0B41CE60188A97F300DAB725 /* checkmark-interest@2x.png in Resources */ = {isa = PBXBuildFile; fileRef = 0B41CE05188A97F300DAB725 /* checkmark-interest@2x.png */; };
		0B41CE61188A97F300DAB725 /* close-button.png in Resources */ = {isa = PBXBuildFile; fileRef = 0B41CE06188A97F300DAB725 /* close-button.png */; };
		0B41CE62188A97F300DAB725 /* close-button@2x.png in Resources */ = {isa = PBXBuildFile; fileRef = 0B41CE07188A97F300DAB725 /* close-button@2x.png */; };
		0B41CE63188A97F300DAB725 /* create-button.png in Resources */ = {isa = PBXBuildFile; fileRef = 0B41CE08188A97F300DAB725 /* create-button.png */; };
		0B41CE64188A97F300DAB725 /* create-button@2x.png in Resources */ = {isa = PBXBuildFile; fileRef = 0B41CE09188A97F300DAB725 /* create-button@2x.png */; };
		0B41CE65188A97F300DAB725 /* down-arrow.png in Resources */ = {isa = PBXBuildFile; fileRef = 0B41CE0A188A97F300DAB725 /* down-arrow.png */; };
		0B41CE66188A97F300DAB725 /* down-arrow@2x.png in Resources */ = {isa = PBXBuildFile; fileRef = 0B41CE0B188A97F300DAB725 /* down-arrow@2x.png */; };
		0B41CE67188A97F300DAB725 /* facebook.png in Resources */ = {isa = PBXBuildFile; fileRef = 0B41CE0C188A97F300DAB725 /* facebook.png */; };
		0B41CE68188A97F300DAB725 /* facebook@2x.png in Resources */ = {isa = PBXBuildFile; fileRef = 0B41CE0D188A97F300DAB725 /* facebook@2x.png */; };
		0B41CE69188A97F300DAB725 /* Finish-Button.png in Resources */ = {isa = PBXBuildFile; fileRef = 0B41CE0E188A97F300DAB725 /* Finish-Button.png */; };
		0B41CE6A188A97F300DAB725 /* Finish-Button@2x.png in Resources */ = {isa = PBXBuildFile; fileRef = 0B41CE0F188A97F300DAB725 /* Finish-Button@2x.png */; };
		0B41CE6B188A97F300DAB725 /* horizontal-separator.png in Resources */ = {isa = PBXBuildFile; fileRef = 0B41CE10188A97F300DAB725 /* horizontal-separator.png */; };
		0B41CE6C188A97F300DAB725 /* horizontal-separator@2x.png in Resources */ = {isa = PBXBuildFile; fileRef = 0B41CE11188A97F300DAB725 /* horizontal-separator@2x.png */; };
		0B41CE6D188A97F300DAB725 /* join-button.png in Resources */ = {isa = PBXBuildFile; fileRef = 0B41CE12188A97F300DAB725 /* join-button.png */; };
		0B41CE6E188A97F300DAB725 /* join-button@2x.png in Resources */ = {isa = PBXBuildFile; fileRef = 0B41CE13188A97F300DAB725 /* join-button@2x.png */; };
		0B41CE6F188A97F300DAB725 /* logo-gray.png in Resources */ = {isa = PBXBuildFile; fileRef = 0B41CE14188A97F300DAB725 /* logo-gray.png */; };
		0B41CE70188A97F300DAB725 /* logo-gray@2x.png in Resources */ = {isa = PBXBuildFile; fileRef = 0B41CE15188A97F300DAB725 /* logo-gray@2x.png */; };
		0B41CE71188A97F300DAB725 /* person-gray.png in Resources */ = {isa = PBXBuildFile; fileRef = 0B41CE16188A97F300DAB725 /* person-gray.png */; };
		0B41CE72188A97F300DAB725 /* person-gray@2x.png in Resources */ = {isa = PBXBuildFile; fileRef = 0B41CE17188A97F300DAB725 /* person-gray@2x.png */; };
		0B41CE74188A97F300DAB725 /* Slice 1.png in Resources */ = {isa = PBXBuildFile; fileRef = 0B41CE19188A97F300DAB725 /* Slice 1.png */; };
		0B41CE75188A97F300DAB725 /* Slice 1@2x.png in Resources */ = {isa = PBXBuildFile; fileRef = 0B41CE1A188A97F300DAB725 /* Slice 1@2x.png */; };
		0B41CE76188A97F300DAB725 /* submit-button.png in Resources */ = {isa = PBXBuildFile; fileRef = 0B41CE1B188A97F300DAB725 /* submit-button.png */; };
		0B41CE77188A97F300DAB725 /* submit-button@2x.png in Resources */ = {isa = PBXBuildFile; fileRef = 0B41CE1C188A97F300DAB725 /* submit-button@2x.png */; };
		0B41CE78188A97F300DAB725 /* tap-interests.png in Resources */ = {isa = PBXBuildFile; fileRef = 0B41CE1D188A97F300DAB725 /* tap-interests.png */; };
		0B41CE79188A97F300DAB725 /* tap-interests@2x.png in Resources */ = {isa = PBXBuildFile; fileRef = 0B41CE1E188A97F300DAB725 /* tap-interests@2x.png */; };
		0B41CE7A188A97F300DAB725 /* up-arrow.png in Resources */ = {isa = PBXBuildFile; fileRef = 0B41CE1F188A97F300DAB725 /* up-arrow.png */; };
		0B41CE7B188A97F300DAB725 /* up-arrow@2x.png in Resources */ = {isa = PBXBuildFile; fileRef = 0B41CE20188A97F300DAB725 /* up-arrow@2x.png */; };
		0B41CE7C188A97F300DAB725 /* vertical-separator.png in Resources */ = {isa = PBXBuildFile; fileRef = 0B41CE21188A97F300DAB725 /* vertical-separator.png */; };
		0B41CE7D188A97F300DAB725 /* vertical-separator@2x.png in Resources */ = {isa = PBXBuildFile; fileRef = 0B41CE22188A97F300DAB725 /* vertical-separator@2x.png */; };
		0B41CE8C188A97F300DAB725 /* adrenaline-cat.png in Resources */ = {isa = PBXBuildFile; fileRef = 0B41CE33188A97F300DAB725 /* adrenaline-cat.png */; };
		0B41CE8D188A97F300DAB725 /* adrenaline-cat@2x.png in Resources */ = {isa = PBXBuildFile; fileRef = 0B41CE34188A97F300DAB725 /* adrenaline-cat@2x.png */; };
		0B41CE91188A97F300DAB725 /* beauty-cat.png in Resources */ = {isa = PBXBuildFile; fileRef = 0B41CE38188A97F300DAB725 /* beauty-cat.png */; };
		0B41CE92188A97F300DAB725 /* beauty-cat@2x.png in Resources */ = {isa = PBXBuildFile; fileRef = 0B41CE39188A97F300DAB725 /* beauty-cat@2x.png */; };
		0B41CE93188A97F300DAB725 /* clubbing-cat.png in Resources */ = {isa = PBXBuildFile; fileRef = 0B41CE3A188A97F300DAB725 /* clubbing-cat.png */; };
		0B41CE94188A97F300DAB725 /* clubbing-cat@2x.png in Resources */ = {isa = PBXBuildFile; fileRef = 0B41CE3B188A97F300DAB725 /* clubbing-cat@2x.png */; };
		0B41CE95188A97F300DAB725 /* clubbing@2x-cat.png in Resources */ = {isa = PBXBuildFile; fileRef = 0B41CE3C188A97F300DAB725 /* clubbing@2x-cat.png */; };
		0B41CE96188A97F300DAB725 /* dining-cat.png in Resources */ = {isa = PBXBuildFile; fileRef = 0B41CE3D188A97F300DAB725 /* dining-cat.png */; };
		0B41CE97188A97F300DAB725 /* dining-cat@2x.png in Resources */ = {isa = PBXBuildFile; fileRef = 0B41CE3E188A97F300DAB725 /* dining-cat@2x.png */; };
		0B41CE98188A97F300DAB725 /* exercise-cat.png in Resources */ = {isa = PBXBuildFile; fileRef = 0B41CE3F188A97F300DAB725 /* exercise-cat.png */; };
		0B41CE99188A97F300DAB725 /* exercise-cat@2x.png in Resources */ = {isa = PBXBuildFile; fileRef = 0B41CE40188A97F300DAB725 /* exercise-cat@2x.png */; };
		0B41CE9A188A97F300DAB725 /* exercise@2x-cat.png in Resources */ = {isa = PBXBuildFile; fileRef = 0B41CE41188A97F300DAB725 /* exercise@2x-cat.png */; };
		0B41CE9D188A97F300DAB725 /* sports-cat.png in Resources */ = {isa = PBXBuildFile; fileRef = 0B41CE44188A97F300DAB725 /* sports-cat.png */; };
		0B41CE9E188A97F300DAB725 /* sports-cat@2x.png in Resources */ = {isa = PBXBuildFile; fileRef = 0B41CE45188A97F300DAB725 /* sports-cat@2x.png */; };
		0B41CE9F188A97F300DAB725 /* sports@2x-cat.png in Resources */ = {isa = PBXBuildFile; fileRef = 0B41CE46188A97F300DAB725 /* sports@2x-cat.png */; };
		0B41CEA0188A97F300DAB725 /* tech-cat.png in Resources */ = {isa = PBXBuildFile; fileRef = 0B41CE47188A97F300DAB725 /* tech-cat.png */; };
		0B41CEA1188A97F300DAB725 /* tech-cat@2x.png in Resources */ = {isa = PBXBuildFile; fileRef = 0B41CE48188A97F300DAB725 /* tech-cat@2x.png */; };
		0B41CEA2188A97F300DAB725 /* adrenaline.png in Resources */ = {isa = PBXBuildFile; fileRef = 0B41CE4A188A97F300DAB725 /* adrenaline.png */; };
		0B41CEA3188A97F300DAB725 /* adrenaline@2x.png in Resources */ = {isa = PBXBuildFile; fileRef = 0B41CE4B188A97F300DAB725 /* adrenaline@2x.png */; };
		0B41CEA4188A97F300DAB725 /* bars.png in Resources */ = {isa = PBXBuildFile; fileRef = 0B41CE4C188A97F300DAB725 /* bars.png */; };
		0B41CEA5188A97F300DAB725 /* bars@2x.png in Resources */ = {isa = PBXBuildFile; fileRef = 0B41CE4D188A97F300DAB725 /* bars@2x.png */; };
		0B41CEA6188A97F300DAB725 /* beauty.png in Resources */ = {isa = PBXBuildFile; fileRef = 0B41CE4E188A97F300DAB725 /* beauty.png */; };
		0B41CEA7188A97F300DAB725 /* beauty@2x.png in Resources */ = {isa = PBXBuildFile; fileRef = 0B41CE4F188A97F300DAB725 /* beauty@2x.png */; };
		0B41CEA8188A97F300DAB725 /* clubbing.png in Resources */ = {isa = PBXBuildFile; fileRef = 0B41CE50188A97F300DAB725 /* clubbing.png */; };
		0B41CEA9188A97F300DAB725 /* clubbing@2x.png in Resources */ = {isa = PBXBuildFile; fileRef = 0B41CE51188A97F300DAB725 /* clubbing@2x.png */; };
		0B41CEAA188A97F300DAB725 /* dining.png in Resources */ = {isa = PBXBuildFile; fileRef = 0B41CE52188A97F300DAB725 /* dining.png */; };
		0B41CEAB188A97F300DAB725 /* dining@2x.png in Resources */ = {isa = PBXBuildFile; fileRef = 0B41CE53188A97F300DAB725 /* dining@2x.png */; };
		0B41CEAC188A97F300DAB725 /* exercise.png in Resources */ = {isa = PBXBuildFile; fileRef = 0B41CE54188A97F300DAB725 /* exercise.png */; };
		0B41CEAD188A97F300DAB725 /* exercise@2x.png in Resources */ = {isa = PBXBuildFile; fileRef = 0B41CE55188A97F300DAB725 /* exercise@2x.png */; };
		0B41CEAE188A97F300DAB725 /* games.png in Resources */ = {isa = PBXBuildFile; fileRef = 0B41CE56188A97F300DAB725 /* games.png */; };
		0B41CEAF188A97F300DAB725 /* games@2x.png in Resources */ = {isa = PBXBuildFile; fileRef = 0B41CE57188A97F300DAB725 /* games@2x.png */; };
		0B41CEB0188A97F300DAB725 /* sports.png in Resources */ = {isa = PBXBuildFile; fileRef = 0B41CE58188A97F300DAB725 /* sports.png */; };
		0B41CEB1188A97F300DAB725 /* sports@2x.png in Resources */ = {isa = PBXBuildFile; fileRef = 0B41CE59188A97F300DAB725 /* sports@2x.png */; };
		0B41CEB2188A97F300DAB725 /* Tech.png in Resources */ = {isa = PBXBuildFile; fileRef = 0B41CE5A188A97F300DAB725 /* Tech.png */; };
		0B41CEB3188A97F300DAB725 /* Tech@2x.png in Resources */ = {isa = PBXBuildFile; fileRef = 0B41CE5B188A97F300DAB725 /* Tech@2x.png */; };
		0B41CEB4188A97F300DAB725 /* logo.png in Resources */ = {isa = PBXBuildFile; fileRef = 0B41CE5C188A97F300DAB725 /* logo.png */; };
		0B41CEB7188AC4CC00DAB725 /* baking.png in Resources */ = {isa = PBXBuildFile; fileRef = 0B41CEB5188AC4CC00DAB725 /* baking.png */; };
		0B41CEB8188AC4CC00DAB725 /* baking@2x.png in Resources */ = {isa = PBXBuildFile; fileRef = 0B41CEB6188AC4CC00DAB725 /* baking@2x.png */; };
		0B41CEBB188AC98800DAB725 /* close-button-2.png in Resources */ = {isa = PBXBuildFile; fileRef = 0B41CEB9188AC98800DAB725 /* close-button-2.png */; };
		0B41CEBC188AC98800DAB725 /* close-button-2@2x.png in Resources */ = {isa = PBXBuildFile; fileRef = 0B41CEBA188AC98800DAB725 /* close-button-2@2x.png */; };
		0B41CF41188AEB5A00DAB725 /* PinterestViewController.m in Sources */ = {isa = PBXBuildFile; fileRef = 0B41CF40188AEB5A00DAB725 /* PinterestViewController.m */; };
		0B41CF46188AEF3400DAB725 /* Pinterest.framework in Frameworks */ = {isa = PBXBuildFile; fileRef = 0B41CF43188AEF1F00DAB725 /* Pinterest.framework */; };
		0B745890188A08FC00F0EE6E /* Foundation.framework in Frameworks */ = {isa = PBXBuildFile; fileRef = 0B74588F188A08FC00F0EE6E /* Foundation.framework */; };
		0B745892188A08FC00F0EE6E /* CoreGraphics.framework in Frameworks */ = {isa = PBXBuildFile; fileRef = 0B745891188A08FC00F0EE6E /* CoreGraphics.framework */; };
		0B745894188A08FC00F0EE6E /* UIKit.framework in Frameworks */ = {isa = PBXBuildFile; fileRef = 0B745893188A08FC00F0EE6E /* UIKit.framework */; };
		0B74589A188A08FC00F0EE6E /* InfoPlist.strings in Resources */ = {isa = PBXBuildFile; fileRef = 0B745898188A08FC00F0EE6E /* InfoPlist.strings */; };
		0B74589C188A08FC00F0EE6E /* main.m in Sources */ = {isa = PBXBuildFile; fileRef = 0B74589B188A08FC00F0EE6E /* main.m */; };
		0B7458A0188A08FC00F0EE6E /* AppDelegate.m in Sources */ = {isa = PBXBuildFile; fileRef = 0B74589F188A08FC00F0EE6E /* AppDelegate.m */; };
		0B7458A2188A08FC00F0EE6E /* Images.xcassets in Resources */ = {isa = PBXBuildFile; fileRef = 0B7458A1188A08FC00F0EE6E /* Images.xcassets */; };
		0B7458A9188A08FC00F0EE6E /* XCTest.framework in Frameworks */ = {isa = PBXBuildFile; fileRef = 0B7458A8188A08FC00F0EE6E /* XCTest.framework */; };
		0B7458AA188A08FC00F0EE6E /* Foundation.framework in Frameworks */ = {isa = PBXBuildFile; fileRef = 0B74588F188A08FC00F0EE6E /* Foundation.framework */; };
		0B7458AB188A08FC00F0EE6E /* UIKit.framework in Frameworks */ = {isa = PBXBuildFile; fileRef = 0B745893188A08FC00F0EE6E /* UIKit.framework */; };
		0B7458B3188A08FC00F0EE6E /* InfoPlist.strings in Resources */ = {isa = PBXBuildFile; fileRef = 0B7458B1188A08FC00F0EE6E /* InfoPlist.strings */; };
		0B7458B5188A08FC00F0EE6E /* SpontaneityTests.m in Sources */ = {isa = PBXBuildFile; fileRef = 0B7458B4188A08FC00F0EE6E /* SpontaneityTests.m */; };
		F37DBDC2188A47DF0094E5C0 /* FacebookSDK.framework in Frameworks */ = {isa = PBXBuildFile; fileRef = F37DBDC1188A47DF0094E5C0 /* FacebookSDK.framework */; };
		F3DBDA74188A5CD40068A17D /* Firebase.framework in Frameworks */ = {isa = PBXBuildFile; fileRef = F3DBDA73188A5CD40068A17D /* Firebase.framework */; };
		F3DBDA76188A5D430068A17D /* libicucore.dylib in Frameworks */ = {isa = PBXBuildFile; fileRef = F3DBDA75188A5D430068A17D /* libicucore.dylib */; };
		F3DBDA78188A5D4B0068A17D /* libc++.dylib in Frameworks */ = {isa = PBXBuildFile; fileRef = F3DBDA77188A5D4B0068A17D /* libc++.dylib */; };
		F3DBDA7A188A5D520068A17D /* CFNetwork.framework in Frameworks */ = {isa = PBXBuildFile; fileRef = F3DBDA79188A5D520068A17D /* CFNetwork.framework */; };
		F3DBDA7C188A5D590068A17D /* Security.framework in Frameworks */ = {isa = PBXBuildFile; fileRef = F3DBDA7B188A5D590068A17D /* Security.framework */; };
		F3DBDA7E188A5D600068A17D /* SystemConfiguration.framework in Frameworks */ = {isa = PBXBuildFile; fileRef = F3DBDA7D188A5D600068A17D /* SystemConfiguration.framework */; };
		F3DBDA81188AD33F0068A17D /* close-button-2.png in Resources */ = {isa = PBXBuildFile; fileRef = F3DBDA7F188AD33F0068A17D /* close-button-2.png */; };
		F3DBDA82188AD33F0068A17D /* close-button-2@2x.png in Resources */ = {isa = PBXBuildFile; fileRef = F3DBDA80188AD33F0068A17D /* close-button-2@2x.png */; };
		F3DBDA85188AD35D0068A17D /* baking.png in Resources */ = {isa = PBXBuildFile; fileRef = F3DBDA83188AD35D0068A17D /* baking.png */; };
		F3DBDA86188AD35D0068A17D /* baking@2x.png in Resources */ = {isa = PBXBuildFile; fileRef = F3DBDA84188AD35D0068A17D /* baking@2x.png */; };
		F3DBDA89188AE1C20068A17D /* UIImage+ImageEffects.m in Sources */ = {isa = PBXBuildFile; fileRef = F3DBDA88188AE1C20068A17D /* UIImage+ImageEffects.m */; };
		F3DBDA8D188AEE790068A17D /* bars-cat.png in Resources */ = {isa = PBXBuildFile; fileRef = F3DBDA8A188AEE790068A17D /* bars-cat.png */; };
		F3DBDA8E188AEE790068A17D /* bars-cat@2x.png in Resources */ = {isa = PBXBuildFile; fileRef = F3DBDA8B188AEE790068A17D /* bars-cat@2x.png */; };
		F3DBDA8F188AEE790068A17D /* bars@2x-cat.png in Resources */ = {isa = PBXBuildFile; fileRef = F3DBDA8C188AEE790068A17D /* bars@2x-cat.png */; };
		F3DBDA92188AEE9C0068A17D /* baking-cat.png in Resources */ = {isa = PBXBuildFile; fileRef = F3DBDA90188AEE9C0068A17D /* baking-cat.png */; };
		F3DBDA93188AEE9C0068A17D /* baking-cat@2x.png in Resources */ = {isa = PBXBuildFile; fileRef = F3DBDA91188AEE9C0068A17D /* baking-cat@2x.png */; };
		F3DBDA96188AEED90068A17D /* games-cat.png in Resources */ = {isa = PBXBuildFile; fileRef = F3DBDA94188AEED90068A17D /* games-cat.png */; };
		F3DBDA97188AEED90068A17D /* games-cat@2x.png in Resources */ = {isa = PBXBuildFile; fileRef = F3DBDA95188AEED90068A17D /* games-cat@2x.png */; };
		F3DBDAAD188AF28E0068A17D /* adrenaline-bg.png in Resources */ = {isa = PBXBuildFile; fileRef = F3DBDA98188AF28E0068A17D /* adrenaline-bg.png */; };
		F3DBDAAE188AF28E0068A17D /* adrenaline-bg@2x.png in Resources */ = {isa = PBXBuildFile; fileRef = F3DBDA99188AF28E0068A17D /* adrenaline-bg@2x.png */; };
		F3DBDAAF188AF28E0068A17D /* baking-bg.png in Resources */ = {isa = PBXBuildFile; fileRef = F3DBDA9A188AF28E0068A17D /* baking-bg.png */; };
		F3DBDAB0188AF28E0068A17D /* baking-bg@2x.png in Resources */ = {isa = PBXBuildFile; fileRef = F3DBDA9B188AF28E0068A17D /* baking-bg@2x.png */; };
		F3DBDAB1188AF28E0068A17D /* bars-bg.png in Resources */ = {isa = PBXBuildFile; fileRef = F3DBDA9C188AF28E0068A17D /* bars-bg.png */; };
		F3DBDAB2188AF28E0068A17D /* bars-bg@2x.png in Resources */ = {isa = PBXBuildFile; fileRef = F3DBDA9D188AF28E0068A17D /* bars-bg@2x.png */; };
		F3DBDAB3188AF28E0068A17D /* beauty-bg.png in Resources */ = {isa = PBXBuildFile; fileRef = F3DBDA9E188AF28E0068A17D /* beauty-bg.png */; };
		F3DBDAB4188AF28E0068A17D /* beauty-bg@2x.png in Resources */ = {isa = PBXBuildFile; fileRef = F3DBDA9F188AF28E0068A17D /* beauty-bg@2x.png */; };
		F3DBDAB5188AF28E0068A17D /* clubbing-bg.png in Resources */ = {isa = PBXBuildFile; fileRef = F3DBDAA0188AF28E0068A17D /* clubbing-bg.png */; };
		F3DBDAB6188AF28E0068A17D /* college-bg.png in Resources */ = {isa = PBXBuildFile; fileRef = F3DBDAA1188AF28E0068A17D /* college-bg.png */; };
		F3DBDAB7188AF28E0068A17D /* college-bg@2x.png in Resources */ = {isa = PBXBuildFile; fileRef = F3DBDAA2188AF28E0068A17D /* college-bg@2x.png */; };
		F3DBDAB8188AF28E0068A17D /* dining-bg.png in Resources */ = {isa = PBXBuildFile; fileRef = F3DBDAA3188AF28E0068A17D /* dining-bg.png */; };
		F3DBDAB9188AF28E0068A17D /* dining-bg@2x.png in Resources */ = {isa = PBXBuildFile; fileRef = F3DBDAA4188AF28E0068A17D /* dining-bg@2x.png */; };
		F3DBDABA188AF28E0068A17D /* exercise-bg.png in Resources */ = {isa = PBXBuildFile; fileRef = F3DBDAA5188AF28E0068A17D /* exercise-bg.png */; };
		F3DBDABB188AF28E0068A17D /* exercise-bg@2x.png in Resources */ = {isa = PBXBuildFile; fileRef = F3DBDAA6188AF28E0068A17D /* exercise-bg@2x.png */; };
		F3DBDABC188AF28E0068A17D /* games-bg.png in Resources */ = {isa = PBXBuildFile; fileRef = F3DBDAA7188AF28E0068A17D /* games-bg.png */; };
		F3DBDABD188AF28E0068A17D /* games-bg@2x.png in Resources */ = {isa = PBXBuildFile; fileRef = F3DBDAA8188AF28E0068A17D /* games-bg@2x.png */; };
		F3DBDABE188AF28E0068A17D /* sports-bg.png in Resources */ = {isa = PBXBuildFile; fileRef = F3DBDAA9188AF28E0068A17D /* sports-bg.png */; };
		F3DBDABF188AF28E0068A17D /* sports-bg@2x.png in Resources */ = {isa = PBXBuildFile; fileRef = F3DBDAAA188AF28E0068A17D /* sports-bg@2x.png */; };
		F3DBDAC0188AF28E0068A17D /* technology-bg.png in Resources */ = {isa = PBXBuildFile; fileRef = F3DBDAAB188AF28E0068A17D /* technology-bg.png */; };
		F3DBDAC1188AF28E0068A17D /* technology-bg@2x.png in Resources */ = {isa = PBXBuildFile; fileRef = F3DBDAAC188AF28E0068A17D /* technology-bg@2x.png */; };
		F3DBDAC3188AF7C60068A17D /* Pinterest.framework in Frameworks */ = {isa = PBXBuildFile; fileRef = F3DBDAC2188AF7C60068A17D /* Pinterest.framework */; };
		F3DBDAC5188AFC820068A17D /* red-search.png in Resources */ = {isa = PBXBuildFile; fileRef = F3DBDAC4188AFC820068A17D /* red-search.png */; };
		F3DBDAC7188AFD010068A17D /* red-search-small.png in Resources */ = {isa = PBXBuildFile; fileRef = F3DBDAC6188AFD010068A17D /* red-search-small.png */; };
/* End PBXBuildFile section */

/* Begin PBXContainerItemProxy section */
		0B7458AC188A08FC00F0EE6E /* PBXContainerItemProxy */ = {
			isa = PBXContainerItemProxy;
			containerPortal = 0B745884188A08FC00F0EE6E /* Project object */;
			proxyType = 1;
			remoteGlobalIDString = 0B74588B188A08FC00F0EE6E;
			remoteInfo = Spontaneity;
		};
/* End PBXContainerItemProxy section */

/* Begin PBXFileReference section */
		0B2FCB23188A0A450076D96E /* LoginViewController.h */ = {isa = PBXFileReference; fileEncoding = 4; lastKnownFileType = sourcecode.c.h; path = LoginViewController.h; sourceTree = "<group>"; };
		0B2FCB24188A0A450076D96E /* LoginViewController.m */ = {isa = PBXFileReference; fileEncoding = 4; lastKnownFileType = sourcecode.c.objc; path = LoginViewController.m; sourceTree = "<group>"; };
		0B2FCB26188A0A7C0076D96E /* InterestsViewController.h */ = {isa = PBXFileReference; fileEncoding = 4; lastKnownFileType = sourcecode.c.h; path = InterestsViewController.h; sourceTree = "<group>"; };
		0B2FCB27188A0A7C0076D96E /* InterestsViewController.m */ = {isa = PBXFileReference; fileEncoding = 4; lastKnownFileType = sourcecode.c.objc; path = InterestsViewController.m; sourceTree = "<group>"; };
		0B2FCB29188A0A9E0076D96E /* CreateViewController.h */ = {isa = PBXFileReference; fileEncoding = 4; lastKnownFileType = sourcecode.c.h; path = CreateViewController.h; sourceTree = "<group>"; };
		0B2FCB2A188A0A9E0076D96E /* CreateViewController.m */ = {isa = PBXFileReference; fileEncoding = 4; lastKnownFileType = sourcecode.c.objc; path = CreateViewController.m; sourceTree = "<group>"; };
		0B2FCB2F188A0AE50076D96E /* SearchViewController.h */ = {isa = PBXFileReference; fileEncoding = 4; lastKnownFileType = sourcecode.c.h; path = SearchViewController.h; sourceTree = "<group>"; };
		0B2FCB30188A0AE50076D96E /* SearchViewController.m */ = {isa = PBXFileReference; fileEncoding = 4; lastKnownFileType = sourcecode.c.objc; path = SearchViewController.m; sourceTree = "<group>"; };
		0B2FCB32188A0B0D0076D96E /* EventListViewController.h */ = {isa = PBXFileReference; fileEncoding = 4; lastKnownFileType = sourcecode.c.h; path = EventListViewController.h; sourceTree = "<group>"; };
		0B2FCB33188A0B0D0076D96E /* EventListViewController.m */ = {isa = PBXFileReference; fileEncoding = 4; lastKnownFileType = sourcecode.c.objc; path = EventListViewController.m; sourceTree = "<group>"; };
		0B41CD95188A585A00DAB725 /* JoinEventViewController.h */ = {isa = PBXFileReference; fileEncoding = 4; lastKnownFileType = sourcecode.c.h; path = JoinEventViewController.h; sourceTree = "<group>"; };
		0B41CD96188A585A00DAB725 /* JoinEventViewController.m */ = {isa = PBXFileReference; fileEncoding = 4; lastKnownFileType = sourcecode.c.objc; path = JoinEventViewController.m; sourceTree = "<group>"; };
		0B41CDEF188A725F00DAB725 /* SearchedEventsViewController.h */ = {isa = PBXFileReference; fileEncoding = 4; lastKnownFileType = sourcecode.c.h; path = SearchedEventsViewController.h; sourceTree = "<group>"; };
		0B41CDF0188A725F00DAB725 /* SearchedEventsViewController.m */ = {isa = PBXFileReference; fileEncoding = 4; lastKnownFileType = sourcecode.c.objc; path = SearchedEventsViewController.m; sourceTree = "<group>"; };
		0B41CE02188A97F300DAB725 /* app-icon.png */ = {isa = PBXFileReference; lastKnownFileType = image.png; path = "app-icon.png"; sourceTree = "<group>"; };
		0B41CE03188A97F300DAB725 /* app-icon@2x.png */ = {isa = PBXFileReference; lastKnownFileType = image.png; path = "app-icon@2x.png"; sourceTree = "<group>"; };
		0B41CE04188A97F300DAB725 /* checkmark-interest.png */ = {isa = PBXFileReference; lastKnownFileType = image.png; path = "checkmark-interest.png"; sourceTree = "<group>"; };
		0B41CE05188A97F300DAB725 /* checkmark-interest@2x.png */ = {isa = PBXFileReference; lastKnownFileType = image.png; path = "checkmark-interest@2x.png"; sourceTree = "<group>"; };
		0B41CE06188A97F300DAB725 /* close-button.png */ = {isa = PBXFileReference; lastKnownFileType = image.png; path = "close-button.png"; sourceTree = "<group>"; };
		0B41CE07188A97F300DAB725 /* close-button@2x.png */ = {isa = PBXFileReference; lastKnownFileType = image.png; path = "close-button@2x.png"; sourceTree = "<group>"; };
		0B41CE08188A97F300DAB725 /* create-button.png */ = {isa = PBXFileReference; lastKnownFileType = image.png; path = "create-button.png"; sourceTree = "<group>"; };
		0B41CE09188A97F300DAB725 /* create-button@2x.png */ = {isa = PBXFileReference; lastKnownFileType = image.png; path = "create-button@2x.png"; sourceTree = "<group>"; };
		0B41CE0A188A97F300DAB725 /* down-arrow.png */ = {isa = PBXFileReference; lastKnownFileType = image.png; path = "down-arrow.png"; sourceTree = "<group>"; };
		0B41CE0B188A97F300DAB725 /* down-arrow@2x.png */ = {isa = PBXFileReference; lastKnownFileType = image.png; path = "down-arrow@2x.png"; sourceTree = "<group>"; };
		0B41CE0C188A97F300DAB725 /* facebook.png */ = {isa = PBXFileReference; lastKnownFileType = image.png; path = facebook.png; sourceTree = "<group>"; };
		0B41CE0D188A97F300DAB725 /* facebook@2x.png */ = {isa = PBXFileReference; lastKnownFileType = image.png; path = "facebook@2x.png"; sourceTree = "<group>"; };
		0B41CE0E188A97F300DAB725 /* Finish-Button.png */ = {isa = PBXFileReference; lastKnownFileType = image.png; path = "Finish-Button.png"; sourceTree = "<group>"; };
		0B41CE0F188A97F300DAB725 /* Finish-Button@2x.png */ = {isa = PBXFileReference; lastKnownFileType = image.png; path = "Finish-Button@2x.png"; sourceTree = "<group>"; };
		0B41CE10188A97F300DAB725 /* horizontal-separator.png */ = {isa = PBXFileReference; lastKnownFileType = image.png; path = "horizontal-separator.png"; sourceTree = "<group>"; };
		0B41CE11188A97F300DAB725 /* horizontal-separator@2x.png */ = {isa = PBXFileReference; lastKnownFileType = image.png; path = "horizontal-separator@2x.png"; sourceTree = "<group>"; };
		0B41CE12188A97F300DAB725 /* join-button.png */ = {isa = PBXFileReference; lastKnownFileType = image.png; path = "join-button.png"; sourceTree = "<group>"; };
		0B41CE13188A97F300DAB725 /* join-button@2x.png */ = {isa = PBXFileReference; lastKnownFileType = image.png; path = "join-button@2x.png"; sourceTree = "<group>"; };
		0B41CE14188A97F300DAB725 /* logo-gray.png */ = {isa = PBXFileReference; lastKnownFileType = image.png; path = "logo-gray.png"; sourceTree = "<group>"; };
		0B41CE15188A97F300DAB725 /* logo-gray@2x.png */ = {isa = PBXFileReference; lastKnownFileType = image.png; path = "logo-gray@2x.png"; sourceTree = "<group>"; };
		0B41CE16188A97F300DAB725 /* person-gray.png */ = {isa = PBXFileReference; lastKnownFileType = image.png; path = "person-gray.png"; sourceTree = "<group>"; };
		0B41CE17188A97F300DAB725 /* person-gray@2x.png */ = {isa = PBXFileReference; lastKnownFileType = image.png; path = "person-gray@2x.png"; sourceTree = "<group>"; };
		0B41CE19188A97F300DAB725 /* Slice 1.png */ = {isa = PBXFileReference; lastKnownFileType = image.png; path = "Slice 1.png"; sourceTree = "<group>"; };
		0B41CE1A188A97F300DAB725 /* Slice 1@2x.png */ = {isa = PBXFileReference; lastKnownFileType = image.png; path = "Slice 1@2x.png"; sourceTree = "<group>"; };
		0B41CE1B188A97F300DAB725 /* submit-button.png */ = {isa = PBXFileReference; lastKnownFileType = image.png; path = "submit-button.png"; sourceTree = "<group>"; };
		0B41CE1C188A97F300DAB725 /* submit-button@2x.png */ = {isa = PBXFileReference; lastKnownFileType = image.png; path = "submit-button@2x.png"; sourceTree = "<group>"; };
		0B41CE1D188A97F300DAB725 /* tap-interests.png */ = {isa = PBXFileReference; lastKnownFileType = image.png; path = "tap-interests.png"; sourceTree = "<group>"; };
		0B41CE1E188A97F300DAB725 /* tap-interests@2x.png */ = {isa = PBXFileReference; lastKnownFileType = image.png; path = "tap-interests@2x.png"; sourceTree = "<group>"; };
		0B41CE1F188A97F300DAB725 /* up-arrow.png */ = {isa = PBXFileReference; lastKnownFileType = image.png; path = "up-arrow.png"; sourceTree = "<group>"; };
		0B41CE20188A97F300DAB725 /* up-arrow@2x.png */ = {isa = PBXFileReference; lastKnownFileType = image.png; path = "up-arrow@2x.png"; sourceTree = "<group>"; };
		0B41CE21188A97F300DAB725 /* vertical-separator.png */ = {isa = PBXFileReference; lastKnownFileType = image.png; path = "vertical-separator.png"; sourceTree = "<group>"; };
		0B41CE22188A97F300DAB725 /* vertical-separator@2x.png */ = {isa = PBXFileReference; lastKnownFileType = image.png; path = "vertical-separator@2x.png"; sourceTree = "<group>"; };
		0B41CE33188A97F300DAB725 /* adrenaline-cat.png */ = {isa = PBXFileReference; lastKnownFileType = image.png; path = "adrenaline-cat.png"; sourceTree = "<group>"; };
		0B41CE34188A97F300DAB725 /* adrenaline-cat@2x.png */ = {isa = PBXFileReference; lastKnownFileType = image.png; path = "adrenaline-cat@2x.png"; sourceTree = "<group>"; };
		0B41CE38188A97F300DAB725 /* beauty-cat.png */ = {isa = PBXFileReference; lastKnownFileType = image.png; path = "beauty-cat.png"; sourceTree = "<group>"; };
		0B41CE39188A97F300DAB725 /* beauty-cat@2x.png */ = {isa = PBXFileReference; lastKnownFileType = image.png; path = "beauty-cat@2x.png"; sourceTree = "<group>"; };
		0B41CE3A188A97F300DAB725 /* clubbing-cat.png */ = {isa = PBXFileReference; lastKnownFileType = image.png; path = "clubbing-cat.png"; sourceTree = "<group>"; };
		0B41CE3B188A97F300DAB725 /* clubbing-cat@2x.png */ = {isa = PBXFileReference; lastKnownFileType = image.png; path = "clubbing-cat@2x.png"; sourceTree = "<group>"; };
		0B41CE3C188A97F300DAB725 /* clubbing@2x-cat.png */ = {isa = PBXFileReference; lastKnownFileType = image.png; path = "clubbing@2x-cat.png"; sourceTree = "<group>"; };
		0B41CE3D188A97F300DAB725 /* dining-cat.png */ = {isa = PBXFileReference; lastKnownFileType = image.png; path = "dining-cat.png"; sourceTree = "<group>"; };
		0B41CE3E188A97F300DAB725 /* dining-cat@2x.png */ = {isa = PBXFileReference; lastKnownFileType = image.png; path = "dining-cat@2x.png"; sourceTree = "<group>"; };
		0B41CE3F188A97F300DAB725 /* exercise-cat.png */ = {isa = PBXFileReference; lastKnownFileType = image.png; path = "exercise-cat.png"; sourceTree = "<group>"; };
		0B41CE40188A97F300DAB725 /* exercise-cat@2x.png */ = {isa = PBXFileReference; lastKnownFileType = image.png; path = "exercise-cat@2x.png"; sourceTree = "<group>"; };
		0B41CE41188A97F300DAB725 /* exercise@2x-cat.png */ = {isa = PBXFileReference; lastKnownFileType = image.png; path = "exercise@2x-cat.png"; sourceTree = "<group>"; };
		0B41CE44188A97F300DAB725 /* sports-cat.png */ = {isa = PBXFileReference; lastKnownFileType = image.png; path = "sports-cat.png"; sourceTree = "<group>"; };
		0B41CE45188A97F300DAB725 /* sports-cat@2x.png */ = {isa = PBXFileReference; lastKnownFileType = image.png; path = "sports-cat@2x.png"; sourceTree = "<group>"; };
		0B41CE46188A97F300DAB725 /* sports@2x-cat.png */ = {isa = PBXFileReference; lastKnownFileType = image.png; path = "sports@2x-cat.png"; sourceTree = "<group>"; };
		0B41CE47188A97F300DAB725 /* tech-cat.png */ = {isa = PBXFileReference; lastKnownFileType = image.png; path = "tech-cat.png"; sourceTree = "<group>"; };
		0B41CE48188A97F300DAB725 /* tech-cat@2x.png */ = {isa = PBXFileReference; lastKnownFileType = image.png; path = "tech-cat@2x.png"; sourceTree = "<group>"; };
		0B41CE4A188A97F300DAB725 /* adrenaline.png */ = {isa = PBXFileReference; lastKnownFileType = image.png; path = adrenaline.png; sourceTree = "<group>"; };
		0B41CE4B188A97F300DAB725 /* adrenaline@2x.png */ = {isa = PBXFileReference; lastKnownFileType = image.png; path = "adrenaline@2x.png"; sourceTree = "<group>"; };
		0B41CE4C188A97F300DAB725 /* bars.png */ = {isa = PBXFileReference; lastKnownFileType = image.png; path = bars.png; sourceTree = "<group>"; };
		0B41CE4D188A97F300DAB725 /* bars@2x.png */ = {isa = PBXFileReference; lastKnownFileType = image.png; path = "bars@2x.png"; sourceTree = "<group>"; };
		0B41CE4E188A97F300DAB725 /* beauty.png */ = {isa = PBXFileReference; lastKnownFileType = image.png; path = beauty.png; sourceTree = "<group>"; };
		0B41CE4F188A97F300DAB725 /* beauty@2x.png */ = {isa = PBXFileReference; lastKnownFileType = image.png; path = "beauty@2x.png"; sourceTree = "<group>"; };
		0B41CE50188A97F300DAB725 /* clubbing.png */ = {isa = PBXFileReference; lastKnownFileType = image.png; path = clubbing.png; sourceTree = "<group>"; };
		0B41CE51188A97F300DAB725 /* clubbing@2x.png */ = {isa = PBXFileReference; lastKnownFileType = image.png; path = "clubbing@2x.png"; sourceTree = "<group>"; };
		0B41CE52188A97F300DAB725 /* dining.png */ = {isa = PBXFileReference; lastKnownFileType = image.png; path = dining.png; sourceTree = "<group>"; };
		0B41CE53188A97F300DAB725 /* dining@2x.png */ = {isa = PBXFileReference; lastKnownFileType = image.png; path = "dining@2x.png"; sourceTree = "<group>"; };
		0B41CE54188A97F300DAB725 /* exercise.png */ = {isa = PBXFileReference; lastKnownFileType = image.png; path = exercise.png; sourceTree = "<group>"; };
		0B41CE55188A97F300DAB725 /* exercise@2x.png */ = {isa = PBXFileReference; lastKnownFileType = image.png; path = "exercise@2x.png"; sourceTree = "<group>"; };
		0B41CE56188A97F300DAB725 /* games.png */ = {isa = PBXFileReference; lastKnownFileType = image.png; path = games.png; sourceTree = "<group>"; };
		0B41CE57188A97F300DAB725 /* games@2x.png */ = {isa = PBXFileReference; lastKnownFileType = image.png; path = "games@2x.png"; sourceTree = "<group>"; };
		0B41CE58188A97F300DAB725 /* sports.png */ = {isa = PBXFileReference; lastKnownFileType = image.png; path = sports.png; sourceTree = "<group>"; };
		0B41CE59188A97F300DAB725 /* sports@2x.png */ = {isa = PBXFileReference; lastKnownFileType = image.png; path = "sports@2x.png"; sourceTree = "<group>"; };
		0B41CE5A188A97F300DAB725 /* Tech.png */ = {isa = PBXFileReference; lastKnownFileType = image.png; path = Tech.png; sourceTree = "<group>"; };
		0B41CE5B188A97F300DAB725 /* Tech@2x.png */ = {isa = PBXFileReference; lastKnownFileType = image.png; path = "Tech@2x.png"; sourceTree = "<group>"; };
		0B41CE5C188A97F300DAB725 /* logo.png */ = {isa = PBXFileReference; lastKnownFileType = image.png; path = logo.png; sourceTree = "<group>"; };
		0B41CEB5188AC4CC00DAB725 /* baking.png */ = {isa = PBXFileReference; lastKnownFileType = image.png; path = baking.png; sourceTree = "<group>"; };
		0B41CEB6188AC4CC00DAB725 /* baking@2x.png */ = {isa = PBXFileReference; lastKnownFileType = image.png; path = "baking@2x.png"; sourceTree = "<group>"; };
		0B41CEB9188AC98800DAB725 /* close-button-2.png */ = {isa = PBXFileReference; lastKnownFileType = image.png; path = "close-button-2.png"; sourceTree = "<group>"; };
		0B41CEBA188AC98800DAB725 /* close-button-2@2x.png */ = {isa = PBXFileReference; lastKnownFileType = image.png; path = "close-button-2@2x.png"; sourceTree = "<group>"; };
		0B41CF3F188AEB5A00DAB725 /* PinterestViewController.h */ = {isa = PBXFileReference; fileEncoding = 4; lastKnownFileType = sourcecode.c.h; path = PinterestViewController.h; sourceTree = "<group>"; };
		0B41CF40188AEB5A00DAB725 /* PinterestViewController.m */ = {isa = PBXFileReference; fileEncoding = 4; lastKnownFileType = sourcecode.c.objc; path = PinterestViewController.m; sourceTree = "<group>"; };
		0B41CF43188AEF1F00DAB725 /* Pinterest.framework */ = {isa = PBXFileReference; lastKnownFileType = wrapper.framework; path = Pinterest.framework; sourceTree = "<group>"; };
		0B41CF45188AEF1F00DAB725 /* PinterestSDKResources.bundle */ = {isa = PBXFileReference; lastKnownFileType = "wrapper.plug-in"; path = PinterestSDKResources.bundle; sourceTree = "<group>"; };
		0B74588C188A08FC00F0EE6E /* Spontaneity.app */ = {isa = PBXFileReference; explicitFileType = wrapper.application; includeInIndex = 0; path = Spontaneity.app; sourceTree = BUILT_PRODUCTS_DIR; };
		0B74588F188A08FC00F0EE6E /* Foundation.framework */ = {isa = PBXFileReference; lastKnownFileType = wrapper.framework; name = Foundation.framework; path = System/Library/Frameworks/Foundation.framework; sourceTree = SDKROOT; };
		0B745891188A08FC00F0EE6E /* CoreGraphics.framework */ = {isa = PBXFileReference; lastKnownFileType = wrapper.framework; name = CoreGraphics.framework; path = System/Library/Frameworks/CoreGraphics.framework; sourceTree = SDKROOT; };
		0B745893188A08FC00F0EE6E /* UIKit.framework */ = {isa = PBXFileReference; lastKnownFileType = wrapper.framework; name = UIKit.framework; path = System/Library/Frameworks/UIKit.framework; sourceTree = SDKROOT; };
		0B745897188A08FC00F0EE6E /* Spontaneity-Info.plist */ = {isa = PBXFileReference; lastKnownFileType = text.plist.xml; path = "Spontaneity-Info.plist"; sourceTree = "<group>"; };
		0B745899188A08FC00F0EE6E /* en */ = {isa = PBXFileReference; lastKnownFileType = text.plist.strings; name = en; path = en.lproj/InfoPlist.strings; sourceTree = "<group>"; };
		0B74589B188A08FC00F0EE6E /* main.m */ = {isa = PBXFileReference; lastKnownFileType = sourcecode.c.objc; path = main.m; sourceTree = "<group>"; };
		0B74589D188A08FC00F0EE6E /* Spontaneity-Prefix.pch */ = {isa = PBXFileReference; lastKnownFileType = sourcecode.c.h; path = "Spontaneity-Prefix.pch"; sourceTree = "<group>"; };
		0B74589E188A08FC00F0EE6E /* AppDelegate.h */ = {isa = PBXFileReference; lastKnownFileType = sourcecode.c.h; path = AppDelegate.h; sourceTree = "<group>"; };
		0B74589F188A08FC00F0EE6E /* AppDelegate.m */ = {isa = PBXFileReference; lastKnownFileType = sourcecode.c.objc; path = AppDelegate.m; sourceTree = "<group>"; };
		0B7458A1188A08FC00F0EE6E /* Images.xcassets */ = {isa = PBXFileReference; lastKnownFileType = folder.assetcatalog; path = Images.xcassets; sourceTree = "<group>"; };
		0B7458A7188A08FC00F0EE6E /* SpontaneityTests.xctest */ = {isa = PBXFileReference; explicitFileType = wrapper.cfbundle; includeInIndex = 0; path = SpontaneityTests.xctest; sourceTree = BUILT_PRODUCTS_DIR; };
		0B7458A8188A08FC00F0EE6E /* XCTest.framework */ = {isa = PBXFileReference; lastKnownFileType = wrapper.framework; name = XCTest.framework; path = Library/Frameworks/XCTest.framework; sourceTree = DEVELOPER_DIR; };
		0B7458B0188A08FC00F0EE6E /* SpontaneityTests-Info.plist */ = {isa = PBXFileReference; lastKnownFileType = text.plist.xml; path = "SpontaneityTests-Info.plist"; sourceTree = "<group>"; };
		0B7458B2188A08FC00F0EE6E /* en */ = {isa = PBXFileReference; lastKnownFileType = text.plist.strings; name = en; path = en.lproj/InfoPlist.strings; sourceTree = "<group>"; };
		0B7458B4188A08FC00F0EE6E /* SpontaneityTests.m */ = {isa = PBXFileReference; lastKnownFileType = sourcecode.c.objc; path = SpontaneityTests.m; sourceTree = "<group>"; };
		F37DBDC1188A47DF0094E5C0 /* FacebookSDK.framework */ = {isa = PBXFileReference; lastKnownFileType = wrapper.framework; name = FacebookSDK.framework; path = ../../../Documents/FacebookSDK/FacebookSDK.framework; sourceTree = "<group>"; };
		F3DBDA73188A5CD40068A17D /* Firebase.framework */ = {isa = PBXFileReference; lastKnownFileType = wrapper.framework; path = Firebase.framework; sourceTree = "<group>"; };
		F3DBDA75188A5D430068A17D /* libicucore.dylib */ = {isa = PBXFileReference; lastKnownFileType = "compiled.mach-o.dylib"; name = libicucore.dylib; path = usr/lib/libicucore.dylib; sourceTree = SDKROOT; };
		F3DBDA77188A5D4B0068A17D /* libc++.dylib */ = {isa = PBXFileReference; lastKnownFileType = "compiled.mach-o.dylib"; name = "libc++.dylib"; path = "usr/lib/libc++.dylib"; sourceTree = SDKROOT; };
		F3DBDA79188A5D520068A17D /* CFNetwork.framework */ = {isa = PBXFileReference; lastKnownFileType = wrapper.framework; name = CFNetwork.framework; path = System/Library/Frameworks/CFNetwork.framework; sourceTree = SDKROOT; };
		F3DBDA7B188A5D590068A17D /* Security.framework */ = {isa = PBXFileReference; lastKnownFileType = wrapper.framework; name = Security.framework; path = System/Library/Frameworks/Security.framework; sourceTree = SDKROOT; };
		F3DBDA7D188A5D600068A17D /* SystemConfiguration.framework */ = {isa = PBXFileReference; lastKnownFileType = wrapper.framework; name = SystemConfiguration.framework; path = System/Library/Frameworks/SystemConfiguration.framework; sourceTree = SDKROOT; };
		F3DBDA7F188AD33F0068A17D /* close-button-2.png */ = {isa = PBXFileReference; lastKnownFileType = image.png; path = "close-button-2.png"; sourceTree = "<group>"; };
		F3DBDA80188AD33F0068A17D /* close-button-2@2x.png */ = {isa = PBXFileReference; lastKnownFileType = image.png; path = "close-button-2@2x.png"; sourceTree = "<group>"; };
		F3DBDA83188AD35D0068A17D /* baking.png */ = {isa = PBXFileReference; lastKnownFileType = image.png; path = baking.png; sourceTree = "<group>"; };
		F3DBDA84188AD35D0068A17D /* baking@2x.png */ = {isa = PBXFileReference; lastKnownFileType = image.png; path = "baking@2x.png"; sourceTree = "<group>"; };
		F3DBDA87188AE1C20068A17D /* UIImage+ImageEffects.h */ = {isa = PBXFileReference; fileEncoding = 4; lastKnownFileType = sourcecode.c.h; path = "UIImage+ImageEffects.h"; sourceTree = "<group>"; };
		F3DBDA88188AE1C20068A17D /* UIImage+ImageEffects.m */ = {isa = PBXFileReference; fileEncoding = 4; lastKnownFileType = sourcecode.c.objc; path = "UIImage+ImageEffects.m"; sourceTree = "<group>"; };
		F3DBDA8A188AEE790068A17D /* bars-cat.png */ = {isa = PBXFileReference; lastKnownFileType = image.png; path = "bars-cat.png"; sourceTree = "<group>"; };
		F3DBDA8B188AEE790068A17D /* bars-cat@2x.png */ = {isa = PBXFileReference; lastKnownFileType = image.png; path = "bars-cat@2x.png"; sourceTree = "<group>"; };
		F3DBDA8C188AEE790068A17D /* bars@2x-cat.png */ = {isa = PBXFileReference; lastKnownFileType = image.png; path = "bars@2x-cat.png"; sourceTree = "<group>"; };
		F3DBDA90188AEE9C0068A17D /* baking-cat.png */ = {isa = PBXFileReference; lastKnownFileType = image.png; path = "baking-cat.png"; sourceTree = "<group>"; };
		F3DBDA91188AEE9C0068A17D /* baking-cat@2x.png */ = {isa = PBXFileReference; lastKnownFileType = image.png; path = "baking-cat@2x.png"; sourceTree = "<group>"; };
		F3DBDA94188AEED90068A17D /* games-cat.png */ = {isa = PBXFileReference; lastKnownFileType = image.png; path = "games-cat.png"; sourceTree = "<group>"; };
		F3DBDA95188AEED90068A17D /* games-cat@2x.png */ = {isa = PBXFileReference; lastKnownFileType = image.png; path = "games-cat@2x.png"; sourceTree = "<group>"; };
		F3DBDA98188AF28E0068A17D /* adrenaline-bg.png */ = {isa = PBXFileReference; lastKnownFileType = image.png; path = "adrenaline-bg.png"; sourceTree = "<group>"; };
		F3DBDA99188AF28E0068A17D /* adrenaline-bg@2x.png */ = {isa = PBXFileReference; lastKnownFileType = image.png; path = "adrenaline-bg@2x.png"; sourceTree = "<group>"; };
		F3DBDA9A188AF28E0068A17D /* baking-bg.png */ = {isa = PBXFileReference; lastKnownFileType = image.png; path = "baking-bg.png"; sourceTree = "<group>"; };
		F3DBDA9B188AF28E0068A17D /* baking-bg@2x.png */ = {isa = PBXFileReference; lastKnownFileType = image.png; path = "baking-bg@2x.png"; sourceTree = "<group>"; };
		F3DBDA9C188AF28E0068A17D /* bars-bg.png */ = {isa = PBXFileReference; lastKnownFileType = image.png; path = "bars-bg.png"; sourceTree = "<group>"; };
		F3DBDA9D188AF28E0068A17D /* bars-bg@2x.png */ = {isa = PBXFileReference; lastKnownFileType = image.png; path = "bars-bg@2x.png"; sourceTree = "<group>"; };
		F3DBDA9E188AF28E0068A17D /* beauty-bg.png */ = {isa = PBXFileReference; lastKnownFileType = image.png; path = "beauty-bg.png"; sourceTree = "<group>"; };
		F3DBDA9F188AF28E0068A17D /* beauty-bg@2x.png */ = {isa = PBXFileReference; lastKnownFileType = image.png; path = "beauty-bg@2x.png"; sourceTree = "<group>"; };
		F3DBDAA0188AF28E0068A17D /* clubbing-bg.png */ = {isa = PBXFileReference; lastKnownFileType = image.png; path = "clubbing-bg.png"; sourceTree = "<group>"; };
		F3DBDAA1188AF28E0068A17D /* college-bg.png */ = {isa = PBXFileReference; lastKnownFileType = image.png; path = "college-bg.png"; sourceTree = "<group>"; };
		F3DBDAA2188AF28E0068A17D /* college-bg@2x.png */ = {isa = PBXFileReference; lastKnownFileType = image.png; path = "college-bg@2x.png"; sourceTree = "<group>"; };
		F3DBDAA3188AF28E0068A17D /* dining-bg.png */ = {isa = PBXFileReference; lastKnownFileType = image.png; path = "dining-bg.png"; sourceTree = "<group>"; };
		F3DBDAA4188AF28E0068A17D /* dining-bg@2x.png */ = {isa = PBXFileReference; lastKnownFileType = image.png; path = "dining-bg@2x.png"; sourceTree = "<group>"; };
		F3DBDAA5188AF28E0068A17D /* exercise-bg.png */ = {isa = PBXFileReference; lastKnownFileType = image.png; path = "exercise-bg.png"; sourceTree = "<group>"; };
		F3DBDAA6188AF28E0068A17D /* exercise-bg@2x.png */ = {isa = PBXFileReference; lastKnownFileType = image.png; path = "exercise-bg@2x.png"; sourceTree = "<group>"; };
		F3DBDAA7188AF28E0068A17D /* games-bg.png */ = {isa = PBXFileReference; lastKnownFileType = image.png; path = "games-bg.png"; sourceTree = "<group>"; };
		F3DBDAA8188AF28E0068A17D /* games-bg@2x.png */ = {isa = PBXFileReference; lastKnownFileType = image.png; path = "games-bg@2x.png"; sourceTree = "<group>"; };
		F3DBDAA9188AF28E0068A17D /* sports-bg.png */ = {isa = PBXFileReference; lastKnownFileType = image.png; path = "sports-bg.png"; sourceTree = "<group>"; };
		F3DBDAAA188AF28E0068A17D /* sports-bg@2x.png */ = {isa = PBXFileReference; lastKnownFileType = image.png; path = "sports-bg@2x.png"; sourceTree = "<group>"; };
		F3DBDAAB188AF28E0068A17D /* technology-bg.png */ = {isa = PBXFileReference; lastKnownFileType = image.png; path = "technology-bg.png"; sourceTree = "<group>"; };
		F3DBDAAC188AF28E0068A17D /* technology-bg@2x.png */ = {isa = PBXFileReference; lastKnownFileType = image.png; path = "technology-bg@2x.png"; sourceTree = "<group>"; };
		F3DBDAC2188AF7C60068A17D /* Pinterest.framework */ = {isa = PBXFileReference; lastKnownFileType = wrapper.framework; name = Pinterest.framework; path = ../../PinItSDKiOS/Pinterest.embeddedframework/Pinterest.framework; sourceTree = "<group>"; };
		F3DBDAC4188AFC820068A17D /* red-search.png */ = {isa = PBXFileReference; lastKnownFileType = image.png; path = "red-search.png"; sourceTree = "<group>"; };
		F3DBDAC6188AFD010068A17D /* red-search-small.png */ = {isa = PBXFileReference; lastKnownFileType = image.png; path = "red-search-small.png"; sourceTree = "<group>"; };
/* End PBXFileReference section */

/* Begin PBXFrameworksBuildPhase section */
		0B745889188A08FC00F0EE6E /* Frameworks */ = {
			isa = PBXFrameworksBuildPhase;
			buildActionMask = 2147483647;
			files = (
				0B41CF46188AEF3400DAB725 /* Pinterest.framework in Frameworks */,
				F3DBDAC3188AF7C60068A17D /* Pinterest.framework in Frameworks */,
				F3DBDA7E188A5D600068A17D /* SystemConfiguration.framework in Frameworks */,
				F3DBDA7C188A5D590068A17D /* Security.framework in Frameworks */,
				F3DBDA7A188A5D520068A17D /* CFNetwork.framework in Frameworks */,
				F3DBDA78188A5D4B0068A17D /* libc++.dylib in Frameworks */,
				F3DBDA76188A5D430068A17D /* libicucore.dylib in Frameworks */,
				F3DBDA74188A5CD40068A17D /* Firebase.framework in Frameworks */,
				0B745892188A08FC00F0EE6E /* CoreGraphics.framework in Frameworks */,
				F37DBDC2188A47DF0094E5C0 /* FacebookSDK.framework in Frameworks */,
				0B745894188A08FC00F0EE6E /* UIKit.framework in Frameworks */,
				0B745890188A08FC00F0EE6E /* Foundation.framework in Frameworks */,
			);
			runOnlyForDeploymentPostprocessing = 0;
		};
		0B7458A4188A08FC00F0EE6E /* Frameworks */ = {
			isa = PBXFrameworksBuildPhase;
			buildActionMask = 2147483647;
			files = (
				0B7458A9188A08FC00F0EE6E /* XCTest.framework in Frameworks */,
				0B7458AB188A08FC00F0EE6E /* UIKit.framework in Frameworks */,
				0B7458AA188A08FC00F0EE6E /* Foundation.framework in Frameworks */,
			);
			runOnlyForDeploymentPostprocessing = 0;
		};
/* End PBXFrameworksBuildPhase section */

/* Begin PBXGroup section */
		0B41CE00188A97F300DAB725 /* images */ = {
			isa = PBXGroup;
			children = (
				0B41CE01188A97F300DAB725 /* assets */,
				0B41CE23188A97F300DAB725 /* backgrounds */,
				0B41CE32188A97F300DAB725 /* categories */,
				0B41CE49188A97F300DAB725 /* circle-interests */,
				0B41CE5C188A97F300DAB725 /* logo.png */,
			);
			path = images;
			sourceTree = "<group>";
		};
		0B41CE01188A97F300DAB725 /* assets */ = {
			isa = PBXGroup;
			children = (
				F3DBDA7F188AD33F0068A17D /* close-button-2.png */,
				F3DBDA80188AD33F0068A17D /* close-button-2@2x.png */,
				0B41CE02188A97F300DAB725 /* app-icon.png */,
				0B41CE03188A97F300DAB725 /* app-icon@2x.png */,
				0B41CE04188A97F300DAB725 /* checkmark-interest.png */,
				0B41CE05188A97F300DAB725 /* checkmark-interest@2x.png */,
				0B41CE06188A97F300DAB725 /* close-button.png */,
				0B41CE07188A97F300DAB725 /* close-button@2x.png */,
				0B41CEB9188AC98800DAB725 /* close-button-2.png */,
				0B41CEBA188AC98800DAB725 /* close-button-2@2x.png */,
				0B41CE08188A97F300DAB725 /* create-button.png */,
				0B41CE09188A97F300DAB725 /* create-button@2x.png */,
				0B41CE0A188A97F300DAB725 /* down-arrow.png */,
				0B41CE0B188A97F300DAB725 /* down-arrow@2x.png */,
				0B41CE0C188A97F300DAB725 /* facebook.png */,
				0B41CE0D188A97F300DAB725 /* facebook@2x.png */,
				0B41CE0E188A97F300DAB725 /* Finish-Button.png */,
				0B41CE0F188A97F300DAB725 /* Finish-Button@2x.png */,
				0B41CE10188A97F300DAB725 /* horizontal-separator.png */,
				0B41CE11188A97F300DAB725 /* horizontal-separator@2x.png */,
				0B41CE12188A97F300DAB725 /* join-button.png */,
				0B41CE13188A97F300DAB725 /* join-button@2x.png */,
				0B41CE14188A97F300DAB725 /* logo-gray.png */,
				0B41CE15188A97F300DAB725 /* logo-gray@2x.png */,
				0B41CE16188A97F300DAB725 /* person-gray.png */,
				0B41CE17188A97F300DAB725 /* person-gray@2x.png */,
				0B41CE19188A97F300DAB725 /* Slice 1.png */,
				0B41CE1A188A97F300DAB725 /* Slice 1@2x.png */,
				F3DBDAC4188AFC820068A17D /* red-search.png */,
				F3DBDAC6188AFD010068A17D /* red-search-small.png */,
				0B41CE1B188A97F300DAB725 /* submit-button.png */,
				0B41CE1C188A97F300DAB725 /* submit-button@2x.png */,
				0B41CE1D188A97F300DAB725 /* tap-interests.png */,
				0B41CE1E188A97F300DAB725 /* tap-interests@2x.png */,
				0B41CE1F188A97F300DAB725 /* up-arrow.png */,
				0B41CE20188A97F300DAB725 /* up-arrow@2x.png */,
				0B41CE21188A97F300DAB725 /* vertical-separator.png */,
				0B41CE22188A97F300DAB725 /* vertical-separator@2x.png */,
			);
			path = assets;
			sourceTree = "<group>";
		};
		0B41CE23188A97F300DAB725 /* backgrounds */ = {
			isa = PBXGroup;
			children = (
				F3DBDA98188AF28E0068A17D /* adrenaline-bg.png */,
				F3DBDA99188AF28E0068A17D /* adrenaline-bg@2x.png */,
				F3DBDA9A188AF28E0068A17D /* baking-bg.png */,
				F3DBDA9B188AF28E0068A17D /* baking-bg@2x.png */,
				F3DBDA9C188AF28E0068A17D /* bars-bg.png */,
				F3DBDA9D188AF28E0068A17D /* bars-bg@2x.png */,
				F3DBDA9E188AF28E0068A17D /* beauty-bg.png */,
				F3DBDA9F188AF28E0068A17D /* beauty-bg@2x.png */,
				F3DBDAA0188AF28E0068A17D /* clubbing-bg.png */,
				F3DBDAA1188AF28E0068A17D /* college-bg.png */,
				F3DBDAA2188AF28E0068A17D /* college-bg@2x.png */,
				F3DBDAA3188AF28E0068A17D /* dining-bg.png */,
				F3DBDAA4188AF28E0068A17D /* dining-bg@2x.png */,
				F3DBDAA5188AF28E0068A17D /* exercise-bg.png */,
				F3DBDAA6188AF28E0068A17D /* exercise-bg@2x.png */,
				F3DBDAA7188AF28E0068A17D /* games-bg.png */,
				F3DBDAA8188AF28E0068A17D /* games-bg@2x.png */,
				F3DBDAA9188AF28E0068A17D /* sports-bg.png */,
				F3DBDAAA188AF28E0068A17D /* sports-bg@2x.png */,
				F3DBDAAB188AF28E0068A17D /* technology-bg.png */,
				F3DBDAAC188AF28E0068A17D /* technology-bg@2x.png */,
			);
			path = backgrounds;
			sourceTree = "<group>";
		};
		0B41CE32188A97F300DAB725 /* categories */ = {
			isa = PBXGroup;
			children = (
				0B41CE33188A97F300DAB725 /* adrenaline-cat.png */,
				F3DBDA8A188AEE790068A17D /* bars-cat.png */,
				F3DBDA90188AEE9C0068A17D /* baking-cat.png */,
				F3DBDA91188AEE9C0068A17D /* baking-cat@2x.png */,
				F3DBDA8B188AEE790068A17D /* bars-cat@2x.png */,
				F3DBDA8C188AEE790068A17D /* bars@2x-cat.png */,
				0B41CE34188A97F300DAB725 /* adrenaline-cat@2x.png */,
				0B41CE38188A97F300DAB725 /* beauty-cat.png */,
				0B41CE39188A97F300DAB725 /* beauty-cat@2x.png */,
				0B41CE3A188A97F300DAB725 /* clubbing-cat.png */,
				0B41CE3B188A97F300DAB725 /* clubbing-cat@2x.png */,
				0B41CE3C188A97F300DAB725 /* clubbing@2x-cat.png */,
				0B41CE3D188A97F300DAB725 /* dining-cat.png */,
				0B41CE3E188A97F300DAB725 /* dining-cat@2x.png */,
				0B41CE3F188A97F300DAB725 /* exercise-cat.png */,
				0B41CE40188A97F300DAB725 /* exercise-cat@2x.png */,
				F3DBDA94188AEED90068A17D /* games-cat.png */,
				F3DBDA95188AEED90068A17D /* games-cat@2x.png */,
				0B41CE41188A97F300DAB725 /* exercise@2x-cat.png */,
				0B41CE44188A97F300DAB725 /* sports-cat.png */,
				0B41CE45188A97F300DAB725 /* sports-cat@2x.png */,
				0B41CE46188A97F300DAB725 /* sports@2x-cat.png */,
				0B41CE47188A97F300DAB725 /* tech-cat.png */,
				0B41CE48188A97F300DAB725 /* tech-cat@2x.png */,
			);
			path = categories;
			sourceTree = "<group>";
		};
		0B41CE49188A97F300DAB725 /* circle-interests */ = {
			isa = PBXGroup;
			children = (
				F3DBDA83188AD35D0068A17D /* baking.png */,
				F3DBDA84188AD35D0068A17D /* baking@2x.png */,
				0B41CE4A188A97F300DAB725 /* adrenaline.png */,
				0B41CE4B188A97F300DAB725 /* adrenaline@2x.png */,
				0B41CE4C188A97F300DAB725 /* bars.png */,
				0B41CE4D188A97F300DAB725 /* bars@2x.png */,
				0B41CEB5188AC4CC00DAB725 /* baking.png */,
				0B41CEB6188AC4CC00DAB725 /* baking@2x.png */,
				0B41CE4E188A97F300DAB725 /* beauty.png */,
				0B41CE4F188A97F300DAB725 /* beauty@2x.png */,
				0B41CE50188A97F300DAB725 /* clubbing.png */,
				0B41CE51188A97F300DAB725 /* clubbing@2x.png */,
				0B41CE52188A97F300DAB725 /* dining.png */,
				0B41CE53188A97F300DAB725 /* dining@2x.png */,
				0B41CE54188A97F300DAB725 /* exercise.png */,
				0B41CE55188A97F300DAB725 /* exercise@2x.png */,
				0B41CE56188A97F300DAB725 /* games.png */,
				0B41CE57188A97F300DAB725 /* games@2x.png */,
				0B41CE58188A97F300DAB725 /* sports.png */,
				0B41CE59188A97F300DAB725 /* sports@2x.png */,
				0B41CE5A188A97F300DAB725 /* Tech.png */,
				0B41CE5B188A97F300DAB725 /* Tech@2x.png */,
			);
			path = "circle-interests";
			sourceTree = "<group>";
		};
		0B41CF42188AEF1F00DAB725 /* Pinterest.embeddedframework */ = {
			isa = PBXGroup;
			children = (
				0B41CF43188AEF1F00DAB725 /* Pinterest.framework */,
				0B41CF44188AEF1F00DAB725 /* Resources */,
			);
			name = Pinterest.embeddedframework;
			path = ../../../Downloads/PinItSDKiOS/Pinterest.embeddedframework;
			sourceTree = "<group>";
		};
		0B41CF44188AEF1F00DAB725 /* Resources */ = {
			isa = PBXGroup;
			children = (
				0B41CF45188AEF1F00DAB725 /* PinterestSDKResources.bundle */,
			);
			path = Resources;
			sourceTree = "<group>";
		};
		0B745883188A08FC00F0EE6E = {
			isa = PBXGroup;
			children = (
				0B745895188A08FC00F0EE6E /* Spontaneity */,
				0B7458AE188A08FC00F0EE6E /* SpontaneityTests */,
				0B74588E188A08FC00F0EE6E /* Frameworks */,
				0B74588D188A08FC00F0EE6E /* Products */,
			);
			sourceTree = "<group>";
		};
		0B74588D188A08FC00F0EE6E /* Products */ = {
			isa = PBXGroup;
			children = (
				0B74588C188A08FC00F0EE6E /* Spontaneity.app */,
				0B7458A7188A08FC00F0EE6E /* SpontaneityTests.xctest */,
			);
			name = Products;
			sourceTree = "<group>";
		};
		0B74588E188A08FC00F0EE6E /* Frameworks */ = {
			isa = PBXGroup;
			children = (
				F3DBDAC2188AF7C60068A17D /* Pinterest.framework */,
				0B41CF42188AEF1F00DAB725 /* Pinterest.embeddedframework */,
				F3DBDA7D188A5D600068A17D /* SystemConfiguration.framework */,
				F3DBDA7B188A5D590068A17D /* Security.framework */,
				F3DBDA79188A5D520068A17D /* CFNetwork.framework */,
				F3DBDA77188A5D4B0068A17D /* libc++.dylib */,
				F3DBDA75188A5D430068A17D /* libicucore.dylib */,
				F3DBDA73188A5CD40068A17D /* Firebase.framework */,
				F37DBDC1188A47DF0094E5C0 /* FacebookSDK.framework */,
				0B74588F188A08FC00F0EE6E /* Foundation.framework */,
				0B745891188A08FC00F0EE6E /* CoreGraphics.framework */,
				0B745893188A08FC00F0EE6E /* UIKit.framework */,
				0B7458A8188A08FC00F0EE6E /* XCTest.framework */,
			);
			name = Frameworks;
			sourceTree = "<group>";
		};
		0B745895188A08FC00F0EE6E /* Spontaneity */ = {
			isa = PBXGroup;
			children = (
				0B74589E188A08FC00F0EE6E /* AppDelegate.h */,
				0B74589F188A08FC00F0EE6E /* AppDelegate.m */,
				0B2FCB23188A0A450076D96E /* LoginViewController.h */,
				0B2FCB24188A0A450076D96E /* LoginViewController.m */,
				0B2FCB26188A0A7C0076D96E /* InterestsViewController.h */,
				0B2FCB27188A0A7C0076D96E /* InterestsViewController.m */,
				0B2FCB29188A0A9E0076D96E /* CreateViewController.h */,
				0B2FCB2A188A0A9E0076D96E /* CreateViewController.m */,
				0B2FCB2F188A0AE50076D96E /* SearchViewController.h */,
				0B2FCB30188A0AE50076D96E /* SearchViewController.m */,
				0B41CDEF188A725F00DAB725 /* SearchedEventsViewController.h */,
				0B41CDF0188A725F00DAB725 /* SearchedEventsViewController.m */,
				0B41CF3F188AEB5A00DAB725 /* PinterestViewController.h */,
				0B41CF40188AEB5A00DAB725 /* PinterestViewController.m */,
				0B2FCB32188A0B0D0076D96E /* EventListViewController.h */,
				0B2FCB33188A0B0D0076D96E /* EventListViewController.m */,
				0B41CD95188A585A00DAB725 /* JoinEventViewController.h */,
				0B41CD96188A585A00DAB725 /* JoinEventViewController.m */,
				F3DBDA87188AE1C20068A17D /* UIImage+ImageEffects.h */,
				F3DBDA88188AE1C20068A17D /* UIImage+ImageEffects.m */,
				0B41CE00188A97F300DAB725 /* images */,
				0B7458A1188A08FC00F0EE6E /* Images.xcassets */,
				0B745896188A08FC00F0EE6E /* Supporting Files */,
			);
			path = Spontaneity;
			sourceTree = "<group>";
		};
		0B745896188A08FC00F0EE6E /* Supporting Files */ = {
			isa = PBXGroup;
			children = (
				0B745897188A08FC00F0EE6E /* Spontaneity-Info.plist */,
				0B745898188A08FC00F0EE6E /* InfoPlist.strings */,
				0B74589B188A08FC00F0EE6E /* main.m */,
				0B74589D188A08FC00F0EE6E /* Spontaneity-Prefix.pch */,
			);
			name = "Supporting Files";
			sourceTree = "<group>";
		};
		0B7458AE188A08FC00F0EE6E /* SpontaneityTests */ = {
			isa = PBXGroup;
			children = (
				0B7458B4188A08FC00F0EE6E /* SpontaneityTests.m */,
				0B7458AF188A08FC00F0EE6E /* Supporting Files */,
			);
			path = SpontaneityTests;
			sourceTree = "<group>";
		};
		0B7458AF188A08FC00F0EE6E /* Supporting Files */ = {
			isa = PBXGroup;
			children = (
				0B7458B0188A08FC00F0EE6E /* SpontaneityTests-Info.plist */,
				0B7458B1188A08FC00F0EE6E /* InfoPlist.strings */,
			);
			name = "Supporting Files";
			sourceTree = "<group>";
		};
/* End PBXGroup section */

/* Begin PBXNativeTarget section */
		0B74588B188A08FC00F0EE6E /* Spontaneity */ = {
			isa = PBXNativeTarget;
			buildConfigurationList = 0B7458B8188A08FC00F0EE6E /* Build configuration list for PBXNativeTarget "Spontaneity" */;
			buildPhases = (
				0B745888188A08FC00F0EE6E /* Sources */,
				0B745889188A08FC00F0EE6E /* Frameworks */,
				0B74588A188A08FC00F0EE6E /* Resources */,
			);
			buildRules = (
			);
			dependencies = (
			);
			name = Spontaneity;
			productName = Spontaneity;
			productReference = 0B74588C188A08FC00F0EE6E /* Spontaneity.app */;
			productType = "com.apple.product-type.application";
		};
		0B7458A6188A08FC00F0EE6E /* SpontaneityTests */ = {
			isa = PBXNativeTarget;
			buildConfigurationList = 0B7458BB188A08FC00F0EE6E /* Build configuration list for PBXNativeTarget "SpontaneityTests" */;
			buildPhases = (
				0B7458A3188A08FC00F0EE6E /* Sources */,
				0B7458A4188A08FC00F0EE6E /* Frameworks */,
				0B7458A5188A08FC00F0EE6E /* Resources */,
			);
			buildRules = (
			);
			dependencies = (
				0B7458AD188A08FC00F0EE6E /* PBXTargetDependency */,
			);
			name = SpontaneityTests;
			productName = SpontaneityTests;
			productReference = 0B7458A7188A08FC00F0EE6E /* SpontaneityTests.xctest */;
			productType = "com.apple.product-type.bundle.unit-test";
		};
/* End PBXNativeTarget section */

/* Begin PBXProject section */
		0B745884188A08FC00F0EE6E /* Project object */ = {
			isa = PBXProject;
			attributes = {
				LastUpgradeCheck = 0500;
				TargetAttributes = {
					0B74588B188A08FC00F0EE6E = {
						DevelopmentTeam = 3FUZN6JJ2G;
					};
					0B7458A6188A08FC00F0EE6E = {
						TestTargetID = 0B74588B188A08FC00F0EE6E;
					};
				};
			};
			buildConfigurationList = 0B745887188A08FC00F0EE6E /* Build configuration list for PBXProject "Spontaneity" */;
			compatibilityVersion = "Xcode 3.2";
			developmentRegion = English;
			hasScannedForEncodings = 0;
			knownRegions = (
				en,
			);
			mainGroup = 0B745883188A08FC00F0EE6E;
			productRefGroup = 0B74588D188A08FC00F0EE6E /* Products */;
			projectDirPath = "";
			projectRoot = "";
			targets = (
				0B74588B188A08FC00F0EE6E /* Spontaneity */,
				0B7458A6188A08FC00F0EE6E /* SpontaneityTests */,
			);
		};
/* End PBXProject section */

/* Begin PBXResourcesBuildPhase section */
		0B74588A188A08FC00F0EE6E /* Resources */ = {
			isa = PBXResourcesBuildPhase;
			buildActionMask = 2147483647;
			files = (
				0B41CEAE188A97F300DAB725 /* games.png in Resources */,
				0B41CE6D188A97F300DAB725 /* join-button.png in Resources */,
				0B41CEA6188A97F300DAB725 /* beauty.png in Resources */,
				0B41CE8C188A97F300DAB725 /* adrenaline-cat.png in Resources */,
				0B41CE7C188A97F300DAB725 /* vertical-separator.png in Resources */,
				0B41CE65188A97F300DAB725 /* down-arrow.png in Resources */,
				0B41CE60188A97F300DAB725 /* checkmark-interest@2x.png in Resources */,
				0B41CEB8188AC4CC00DAB725 /* baking@2x.png in Resources */,
				F3DBDAB5188AF28E0068A17D /* clubbing-bg.png in Resources */,
				0B41CE6B188A97F300DAB725 /* horizontal-separator.png in Resources */,
				F3DBDA85188AD35D0068A17D /* baking.png in Resources */,
				0B41CE71188A97F300DAB725 /* person-gray.png in Resources */,
				F3DBDABB188AF28E0068A17D /* exercise-bg@2x.png in Resources */,
				F3DBDABA188AF28E0068A17D /* exercise-bg.png in Resources */,
				0B41CEB7188AC4CC00DAB725 /* baking.png in Resources */,
				F3DBDAC7188AFD010068A17D /* red-search-small.png in Resources */,
				0B41CE9D188A97F300DAB725 /* sports-cat.png in Resources */,
				F3DBDA8F188AEE790068A17D /* bars@2x-cat.png in Resources */,
				0B41CE68188A97F300DAB725 /* facebook@2x.png in Resources */,
				F3DBDA96188AEED90068A17D /* games-cat.png in Resources */,
				0B41CEBB188AC98800DAB725 /* close-button-2.png in Resources */,
				F3DBDAB6188AF28E0068A17D /* college-bg.png in Resources */,
				0B41CE6F188A97F300DAB725 /* logo-gray.png in Resources */,
				0B41CEA0188A97F300DAB725 /* tech-cat.png in Resources */,
				F3DBDAB8188AF28E0068A17D /* dining-bg.png in Resources */,
				0B41CEB1188A97F300DAB725 /* sports@2x.png in Resources */,
				0B41CEA9188A97F300DAB725 /* clubbing@2x.png in Resources */,
				F3DBDABF188AF28E0068A17D /* sports-bg@2x.png in Resources */,
				0B41CE95188A97F300DAB725 /* clubbing@2x-cat.png in Resources */,
				0B41CE99188A97F300DAB725 /* exercise-cat@2x.png in Resources */,
				0B41CE97188A97F300DAB725 /* dining-cat@2x.png in Resources */,
				0B41CEAA188A97F300DAB725 /* dining.png in Resources */,
				0B41CEAC188A97F300DAB725 /* exercise.png in Resources */,
				F3DBDABC188AF28E0068A17D /* games-bg.png in Resources */,
				0B41CE6C188A97F300DAB725 /* horizontal-separator@2x.png in Resources */,
				0B41CE7B188A97F300DAB725 /* up-arrow@2x.png in Resources */,
				0B41CE66188A97F300DAB725 /* down-arrow@2x.png in Resources */,
				0B41CE98188A97F300DAB725 /* exercise-cat.png in Resources */,
				F3DBDAC1188AF28E0068A17D /* technology-bg@2x.png in Resources */,
				F3DBDAB4188AF28E0068A17D /* beauty-bg@2x.png in Resources */,
				0B41CE93188A97F300DAB725 /* clubbing-cat.png in Resources */,
				0B41CE96188A97F300DAB725 /* dining-cat.png in Resources */,
				0B74589A188A08FC00F0EE6E /* InfoPlist.strings in Resources */,
				0B41CE6E188A97F300DAB725 /* join-button@2x.png in Resources */,
				0B41CE91188A97F300DAB725 /* beauty-cat.png in Resources */,
				0B41CE63188A97F300DAB725 /* create-button.png in Resources */,
				0B41CE61188A97F300DAB725 /* close-button.png in Resources */,
				0B41CE8D188A97F300DAB725 /* adrenaline-cat@2x.png in Resources */,
				0B41CEA4188A97F300DAB725 /* bars.png in Resources */,
				0B41CEA2188A97F300DAB725 /* adrenaline.png in Resources */,
				0B41CE5F188A97F300DAB725 /* checkmark-interest.png in Resources */,
				0B41CE72188A97F300DAB725 /* person-gray@2x.png in Resources */,
				0B7458A2188A08FC00F0EE6E /* Images.xcassets in Resources */,
				F3DBDA86188AD35D0068A17D /* baking@2x.png in Resources */,
				0B41CE78188A97F300DAB725 /* tap-interests.png in Resources */,
				0B41CEA8188A97F300DAB725 /* clubbing.png in Resources */,
				0B41CEBC188AC98800DAB725 /* close-button-2@2x.png in Resources */,
				0B41CE76188A97F300DAB725 /* submit-button.png in Resources */,
				F3DBDA82188AD33F0068A17D /* close-button-2@2x.png in Resources */,
				F3DBDAC0188AF28E0068A17D /* technology-bg.png in Resources */,
				0B41CE64188A97F300DAB725 /* create-button@2x.png in Resources */,
				0B41CE77188A97F300DAB725 /* submit-button@2x.png in Resources */,
				F3DBDA8E188AEE790068A17D /* bars-cat@2x.png in Resources */,
				F3DBDA97188AEED90068A17D /* games-cat@2x.png in Resources */,
				0B41CEB4188A97F300DAB725 /* logo.png in Resources */,
				F3DBDAB0188AF28E0068A17D /* baking-bg@2x.png in Resources */,
				F3DBDAB7188AF28E0068A17D /* college-bg@2x.png in Resources */,
				0B41CE5D188A97F300DAB725 /* app-icon.png in Resources */,
				0B41CEB0188A97F300DAB725 /* sports.png in Resources */,
				0B41CE9A188A97F300DAB725 /* exercise@2x-cat.png in Resources */,
				F3DBDAAE188AF28E0068A17D /* adrenaline-bg@2x.png in Resources */,
				F3DBDA92188AEE9C0068A17D /* baking-cat.png in Resources */,
				0B41CE6A188A97F300DAB725 /* Finish-Button@2x.png in Resources */,
				0B41CE79188A97F300DAB725 /* tap-interests@2x.png in Resources */,
				0B41CEA7188A97F300DAB725 /* beauty@2x.png in Resources */,
				0B41CE7D188A97F300DAB725 /* vertical-separator@2x.png in Resources */,
				0B41CEB3188A97F300DAB725 /* Tech@2x.png in Resources */,
				0B41CEB2188A97F300DAB725 /* Tech.png in Resources */,
				0B41CE67188A97F300DAB725 /* facebook.png in Resources */,
				0B41CE70188A97F300DAB725 /* logo-gray@2x.png in Resources */,
				0B41CEA3188A97F300DAB725 /* adrenaline@2x.png in Resources */,
				F3DBDAB9188AF28E0068A17D /* dining-bg@2x.png in Resources */,
				F3DBDA8D188AEE790068A17D /* bars-cat.png in Resources */,
				0B41CE92188A97F300DAB725 /* beauty-cat@2x.png in Resources */,
				F3DBDAC5188AFC820068A17D /* red-search.png in Resources */,
				F3DBDAAF188AF28E0068A17D /* baking-bg.png in Resources */,
				0B41CEAD188A97F300DAB725 /* exercise@2x.png in Resources */,
				0B41CEA1188A97F300DAB725 /* tech-cat@2x.png in Resources */,
				F3DBDAB1188AF28E0068A17D /* bars-bg.png in Resources */,
				0B41CE9F188A97F300DAB725 /* sports@2x-cat.png in Resources */,
				F3DBDAB3188AF28E0068A17D /* beauty-bg.png in Resources */,
				0B41CE5E188A97F300DAB725 /* app-icon@2x.png in Resources */,
				0B41CEAB188A97F300DAB725 /* dining@2x.png in Resources */,
				F3DBDABE188AF28E0068A17D /* sports-bg.png in Resources */,
				0B41CE94188A97F300DAB725 /* clubbing-cat@2x.png in Resources */,
				0B41CEA5188A97F300DAB725 /* bars@2x.png in Resources */,
				F3DBDAB2188AF28E0068A17D /* bars-bg@2x.png in Resources */,
				0B41CE74188A97F300DAB725 /* Slice 1.png in Resources */,
				0B41CE7A188A97F300DAB725 /* up-arrow.png in Resources */,
				F3DBDA81188AD33F0068A17D /* close-button-2.png in Resources */,
				0B41CE9E188A97F300DAB725 /* sports-cat@2x.png in Resources */,
				0B41CE69188A97F300DAB725 /* Finish-Button.png in Resources */,
				F3DBDABD188AF28E0068A17D /* games-bg@2x.png in Resources */,
				F3DBDA93188AEE9C0068A17D /* baking-cat@2x.png in Resources */,
				0B41CEAF188A97F300DAB725 /* games@2x.png in Resources */,
				0B41CE75188A97F300DAB725 /* Slice 1@2x.png in Resources */,
				0B41CE62188A97F300DAB725 /* close-button@2x.png in Resources */,
				F3DBDAAD188AF28E0068A17D /* adrenaline-bg.png in Resources */,
			);
			runOnlyForDeploymentPostprocessing = 0;
		};
		0B7458A5188A08FC00F0EE6E /* Resources */ = {
			isa = PBXResourcesBuildPhase;
			buildActionMask = 2147483647;
			files = (
				0B7458B3188A08FC00F0EE6E /* InfoPlist.strings in Resources */,
			);
			runOnlyForDeploymentPostprocessing = 0;
		};
/* End PBXResourcesBuildPhase section */

/* Begin PBXSourcesBuildPhase section */
		0B745888188A08FC00F0EE6E /* Sources */ = {
			isa = PBXSourcesBuildPhase;
			buildActionMask = 2147483647;
			files = (
				0B2FCB28188A0A7C0076D96E /* InterestsViewController.m in Sources */,
				0B2FCB34188A0B0D0076D96E /* EventListViewController.m in Sources */,
				0B41CF41188AEB5A00DAB725 /* PinterestViewController.m in Sources */,
				0B41CD97188A585A00DAB725 /* JoinEventViewController.m in Sources */,
				0B7458A0188A08FC00F0EE6E /* AppDelegate.m in Sources */,
				0B2FCB2B188A0A9E0076D96E /* CreateViewController.m in Sources */,
				0B41CDF1188A725F00DAB725 /* SearchedEventsViewController.m in Sources */,
				F3DBDA89188AE1C20068A17D /* UIImage+ImageEffects.m in Sources */,
				0B74589C188A08FC00F0EE6E /* main.m in Sources */,
				0B2FCB25188A0A450076D96E /* LoginViewController.m in Sources */,
				0B2FCB31188A0AE50076D96E /* SearchViewController.m in Sources */,
			);
			runOnlyForDeploymentPostprocessing = 0;
		};
		0B7458A3188A08FC00F0EE6E /* Sources */ = {
			isa = PBXSourcesBuildPhase;
			buildActionMask = 2147483647;
			files = (
				0B7458B5188A08FC00F0EE6E /* SpontaneityTests.m in Sources */,
			);
			runOnlyForDeploymentPostprocessing = 0;
		};
/* End PBXSourcesBuildPhase section */

/* Begin PBXTargetDependency section */
		0B7458AD188A08FC00F0EE6E /* PBXTargetDependency */ = {
			isa = PBXTargetDependency;
			target = 0B74588B188A08FC00F0EE6E /* Spontaneity */;
			targetProxy = 0B7458AC188A08FC00F0EE6E /* PBXContainerItemProxy */;
		};
/* End PBXTargetDependency section */

/* Begin PBXVariantGroup section */
		0B745898188A08FC00F0EE6E /* InfoPlist.strings */ = {
			isa = PBXVariantGroup;
			children = (
				0B745899188A08FC00F0EE6E /* en */,
			);
			name = InfoPlist.strings;
			sourceTree = "<group>";
		};
		0B7458B1188A08FC00F0EE6E /* InfoPlist.strings */ = {
			isa = PBXVariantGroup;
			children = (
				0B7458B2188A08FC00F0EE6E /* en */,
			);
			name = InfoPlist.strings;
			sourceTree = "<group>";
		};
/* End PBXVariantGroup section */

/* Begin XCBuildConfiguration section */
		0B7458B6188A08FC00F0EE6E /* Debug */ = {
			isa = XCBuildConfiguration;
			buildSettings = {
				ALWAYS_SEARCH_USER_PATHS = NO;
				ARCHS = "$(ARCHS_STANDARD_INCLUDING_64_BIT)";
				CLANG_CXX_LANGUAGE_STANDARD = "gnu++0x";
				CLANG_CXX_LIBRARY = "libc++";
				CLANG_ENABLE_MODULES = YES;
				CLANG_ENABLE_OBJC_ARC = YES;
				CLANG_WARN_BOOL_CONVERSION = YES;
				CLANG_WARN_CONSTANT_CONVERSION = YES;
				CLANG_WARN_DIRECT_OBJC_ISA_USAGE = YES_ERROR;
				CLANG_WARN_EMPTY_BODY = YES;
				CLANG_WARN_ENUM_CONVERSION = YES;
				CLANG_WARN_INT_CONVERSION = YES;
				CLANG_WARN_OBJC_ROOT_CLASS = YES_ERROR;
				CLANG_WARN__DUPLICATE_METHOD_MATCH = YES;
				"CODE_SIGN_IDENTITY[sdk=iphoneos*]" = "iPhone Developer";
				COPY_PHASE_STRIP = NO;
				GCC_C_LANGUAGE_STANDARD = gnu99;
				GCC_DYNAMIC_NO_PIC = NO;
				GCC_OPTIMIZATION_LEVEL = 0;
				GCC_PREPROCESSOR_DEFINITIONS = (
					"DEBUG=1",
					"$(inherited)",
				);
				GCC_SYMBOLS_PRIVATE_EXTERN = NO;
				GCC_WARN_64_TO_32_BIT_CONVERSION = YES;
				GCC_WARN_ABOUT_RETURN_TYPE = YES_ERROR;
				GCC_WARN_UNDECLARED_SELECTOR = YES;
				GCC_WARN_UNINITIALIZED_AUTOS = YES;
				GCC_WARN_UNUSED_FUNCTION = YES;
				GCC_WARN_UNUSED_VARIABLE = YES;
				IPHONEOS_DEPLOYMENT_TARGET = 7.0;
				ONLY_ACTIVE_ARCH = YES;
				SDKROOT = iphoneos;
			};
			name = Debug;
		};
		0B7458B7188A08FC00F0EE6E /* Release */ = {
			isa = XCBuildConfiguration;
			buildSettings = {
				ALWAYS_SEARCH_USER_PATHS = NO;
				ARCHS = "$(ARCHS_STANDARD_INCLUDING_64_BIT)";
				CLANG_CXX_LANGUAGE_STANDARD = "gnu++0x";
				CLANG_CXX_LIBRARY = "libc++";
				CLANG_ENABLE_MODULES = YES;
				CLANG_ENABLE_OBJC_ARC = YES;
				CLANG_WARN_BOOL_CONVERSION = YES;
				CLANG_WARN_CONSTANT_CONVERSION = YES;
				CLANG_WARN_DIRECT_OBJC_ISA_USAGE = YES_ERROR;
				CLANG_WARN_EMPTY_BODY = YES;
				CLANG_WARN_ENUM_CONVERSION = YES;
				CLANG_WARN_INT_CONVERSION = YES;
				CLANG_WARN_OBJC_ROOT_CLASS = YES_ERROR;
				CLANG_WARN__DUPLICATE_METHOD_MATCH = YES;
				"CODE_SIGN_IDENTITY[sdk=iphoneos*]" = "iPhone Developer";
				COPY_PHASE_STRIP = YES;
				ENABLE_NS_ASSERTIONS = NO;
				GCC_C_LANGUAGE_STANDARD = gnu99;
				GCC_WARN_64_TO_32_BIT_CONVERSION = YES;
				GCC_WARN_ABOUT_RETURN_TYPE = YES_ERROR;
				GCC_WARN_UNDECLARED_SELECTOR = YES;
				GCC_WARN_UNINITIALIZED_AUTOS = YES;
				GCC_WARN_UNUSED_FUNCTION = YES;
				GCC_WARN_UNUSED_VARIABLE = YES;
				IPHONEOS_DEPLOYMENT_TARGET = 7.0;
				SDKROOT = iphoneos;
				VALIDATE_PRODUCT = YES;
			};
			name = Release;
		};
		0B7458B9188A08FC00F0EE6E /* Debug */ = {
			isa = XCBuildConfiguration;
			buildSettings = {
				ASSETCATALOG_COMPILER_APPICON_NAME = AppIcon;
				ASSETCATALOG_COMPILER_LAUNCHIMAGE_NAME = LaunchImage;
				CODE_SIGN_IDENTITY = "iPhone Developer";
				"CODE_SIGN_IDENTITY[sdk=iphoneos*]" = "iPhone Developer";
				FRAMEWORK_SEARCH_PATHS = (
					"$(inherited)",
					/Users/gregory/MHacks/spontaneity/Spontaneity,
					/Users/Angela/Documents/spontaneity/Spontaneity,
					/Users/Angela/Documents/FacebookSDK,
					/Users/gregory/Documents/FacebookSDK,
					/Users/gregory/MHacks,
					/Users/Angela/Downloads/PinItSDKiOS/Pinterest.embeddedframework,
					/Users/gregory/MHacks/PinItSDKiOS/Pinterest.embeddedframework,
				);
				GCC_PRECOMPILE_PREFIX_HEADER = YES;
				GCC_PREFIX_HEADER = "Spontaneity/Spontaneity-Prefix.pch";
				INFOPLIST_FILE = "Spontaneity/Spontaneity-Info.plist";
				OTHER_LDFLAGS = "-ObjC";
				PRODUCT_NAME = "$(TARGET_NAME)";
				PROVISIONING_PROFILE = "";
				WRAPPER_EXTENSION = app;
			};
			name = Debug;
		};
		0B7458BA188A08FC00F0EE6E /* Release */ = {
			isa = XCBuildConfiguration;
			buildSettings = {
				ASSETCATALOG_COMPILER_APPICON_NAME = AppIcon;
				ASSETCATALOG_COMPILER_LAUNCHIMAGE_NAME = LaunchImage;
				CODE_SIGN_IDENTITY = "iPhone Developer";
				"CODE_SIGN_IDENTITY[sdk=iphoneos*]" = "iPhone Developer";
				FRAMEWORK_SEARCH_PATHS = (
					"$(inherited)",
					/Users/gregory/MHacks/spontaneity/Spontaneity,
					/Users/Angela/Documents/spontaneity/Spontaneity,
					/Users/Angela/Documents/FacebookSDK,
					/Users/gregory/Documents/FacebookSDK,
					/Users/gregory/MHacks,
					/Users/Angela/Downloads/PinItSDKiOS/Pinterest.embeddedframework,
					/Users/gregory/MHacks/PinItSDKiOS/Pinterest.embeddedframework,
				);
				GCC_PRECOMPILE_PREFIX_HEADER = YES;
				GCC_PREFIX_HEADER = "Spontaneity/Spontaneity-Prefix.pch";
				INFOPLIST_FILE = "Spontaneity/Spontaneity-Info.plist";
				OTHER_LDFLAGS = "-ObjC";
				PRODUCT_NAME = "$(TARGET_NAME)";
				PROVISIONING_PROFILE = "";
				WRAPPER_EXTENSION = app;
			};
			name = Release;
		};
		0B7458BC188A08FC00F0EE6E /* Debug */ = {
			isa = XCBuildConfiguration;
			buildSettings = {
				ARCHS = "$(ARCHS_STANDARD_INCLUDING_64_BIT)";
				BUNDLE_LOADER = "$(BUILT_PRODUCTS_DIR)/Spontaneity.app/Spontaneity";
				FRAMEWORK_SEARCH_PATHS = (
					"$(SDKROOT)/Developer/Library/Frameworks",
					"$(inherited)",
					"$(DEVELOPER_FRAMEWORKS_DIR)",
				);
				GCC_PRECOMPILE_PREFIX_HEADER = YES;
				GCC_PREFIX_HEADER = "Spontaneity/Spontaneity-Prefix.pch";
				GCC_PREPROCESSOR_DEFINITIONS = (
					"DEBUG=1",
					"$(inherited)",
				);
				INFOPLIST_FILE = "SpontaneityTests/SpontaneityTests-Info.plist";
				PRODUCT_NAME = "$(TARGET_NAME)";
				TEST_HOST = "$(BUNDLE_LOADER)";
				WRAPPER_EXTENSION = xctest;
			};
			name = Debug;
		};
		0B7458BD188A08FC00F0EE6E /* Release */ = {
			isa = XCBuildConfiguration;
			buildSettings = {
				ARCHS = "$(ARCHS_STANDARD_INCLUDING_64_BIT)";
				BUNDLE_LOADER = "$(BUILT_PRODUCTS_DIR)/Spontaneity.app/Spontaneity";
				FRAMEWORK_SEARCH_PATHS = (
					"$(SDKROOT)/Developer/Library/Frameworks",
					"$(inherited)",
					"$(DEVELOPER_FRAMEWORKS_DIR)",
				);
				GCC_PRECOMPILE_PREFIX_HEADER = YES;
				GCC_PREFIX_HEADER = "Spontaneity/Spontaneity-Prefix.pch";
				INFOPLIST_FILE = "SpontaneityTests/SpontaneityTests-Info.plist";
				PRODUCT_NAME = "$(TARGET_NAME)";
				TEST_HOST = "$(BUNDLE_LOADER)";
				WRAPPER_EXTENSION = xctest;
			};
			name = Release;
		};
/* End XCBuildConfiguration section */

/* Begin XCConfigurationList section */
		0B745887188A08FC00F0EE6E /* Build configuration list for PBXProject "Spontaneity" */ = {
			isa = XCConfigurationList;
			buildConfigurations = (
				0B7458B6188A08FC00F0EE6E /* Debug */,
				0B7458B7188A08FC00F0EE6E /* Release */,
			);
			defaultConfigurationIsVisible = 0;
			defaultConfigurationName = Release;
		};
		0B7458B8188A08FC00F0EE6E /* Build configuration list for PBXNativeTarget "Spontaneity" */ = {
			isa = XCConfigurationList;
			buildConfigurations = (
				0B7458B9188A08FC00F0EE6E /* Debug */,
				0B7458BA188A08FC00F0EE6E /* Release */,
			);
			defaultConfigurationIsVisible = 0;
			defaultConfigurationName = Release;
		};
		0B7458BB188A08FC00F0EE6E /* Build configuration list for PBXNativeTarget "SpontaneityTests" */ = {
			isa = XCConfigurationList;
			buildConfigurations = (
				0B7458BC188A08FC00F0EE6E /* Debug */,
				0B7458BD188A08FC00F0EE6E /* Release */,
			);
			defaultConfigurationIsVisible = 0;
			defaultConfigurationName = Release;
		};
/* End XCConfigurationList section */
	};
	rootObject = 0B745884188A08FC00F0EE6E /* Project object */;
}
